// !$*UTF8*$!
{
	archiveVersion = 1;
	classes = {
	};
	objectVersion = 55;
	objects = {

/* Begin PBXBuildFile section */
		BBD2A7422899D24000A01853 /* Project8 WatchKit App.app in Embed Watch Content */ = {isa = PBXBuildFile; fileRef = BBD2A7412899D24000A01853 /* Project8 WatchKit App.app */; settings = {ATTRIBUTES = (RemoveHeadersOnCopy, ); }; };
		BBD2A7472899D24200A01853 /* Assets.xcassets in Resources */ = {isa = PBXBuildFile; fileRef = BBD2A7462899D24200A01853 /* Assets.xcassets */; };
		BBD2A74D2899D24200A01853 /* Project8 WatchKit Extension.appex in Embed App Extensions */ = {isa = PBXBuildFile; fileRef = BBD2A74C2899D24200A01853 /* Project8 WatchKit Extension.appex */; settings = {ATTRIBUTES = (RemoveHeadersOnCopy, ); }; };
		BBD2A7522899D24200A01853 /* ContentView.swift in Sources */ = {isa = PBXBuildFile; fileRef = BBD2A7512899D24200A01853 /* ContentView.swift */; };
		BBD2A7542899D24200A01853 /* Project8App.swift in Sources */ = {isa = PBXBuildFile; fileRef = BBD2A7532899D24200A01853 /* Project8App.swift */; };
		BBD2A7562899D24200A01853 /* ComplicationController.swift in Sources */ = {isa = PBXBuildFile; fileRef = BBD2A7552899D24200A01853 /* ComplicationController.swift */; };
		BBD2A7582899D24300A01853 /* Assets.xcassets in Resources */ = {isa = PBXBuildFile; fileRef = BBD2A7572899D24300A01853 /* Assets.xcassets */; };
		BBD2A75B2899D24300A01853 /* Preview Assets.xcassets in Resources */ = {isa = PBXBuildFile; fileRef = BBD2A75A2899D24300A01853 /* Preview Assets.xcassets */; };
/* End PBXBuildFile section */

/* Begin PBXContainerItemProxy section */
		BBD2A7432899D24000A01853 /* PBXContainerItemProxy */ = {
			isa = PBXContainerItemProxy;
			containerPortal = BBD2A7372899D24000A01853 /* Project object */;
			proxyType = 1;
			remoteGlobalIDString = BBD2A7402899D24000A01853;
			remoteInfo = "Project8 WatchKit App";
		};
		BBD2A74E2899D24200A01853 /* PBXContainerItemProxy */ = {
			isa = PBXContainerItemProxy;
			containerPortal = BBD2A7372899D24000A01853 /* Project object */;
			proxyType = 1;
			remoteGlobalIDString = BBD2A74B2899D24200A01853;
			remoteInfo = "Project8 WatchKit Extension";
		};
/* End PBXContainerItemProxy section */

/* Begin PBXCopyFilesBuildPhase section */
		BBD2A7622899D24300A01853 /* Embed App Extensions */ = {
			isa = PBXCopyFilesBuildPhase;
			buildActionMask = 2147483647;
			dstPath = "";
			dstSubfolderSpec = 13;
			files = (
				BBD2A74D2899D24200A01853 /* Project8 WatchKit Extension.appex in Embed App Extensions */,
			);
			name = "Embed App Extensions";
			runOnlyForDeploymentPostprocessing = 0;
		};
		BBD2A7662899D24300A01853 /* Embed Watch Content */ = {
			isa = PBXCopyFilesBuildPhase;
			buildActionMask = 2147483647;
			dstPath = "$(CONTENTS_FOLDER_PATH)/Watch";
			dstSubfolderSpec = 16;
			files = (
				BBD2A7422899D24000A01853 /* Project8 WatchKit App.app in Embed Watch Content */,
			);
			name = "Embed Watch Content";
			runOnlyForDeploymentPostprocessing = 0;
		};
/* End PBXCopyFilesBuildPhase section */

/* Begin PBXFileReference section */
		BBD2A73D2899D24000A01853 /* Project8.app */ = {isa = PBXFileReference; explicitFileType = wrapper.application; includeInIndex = 0; path = Project8.app; sourceTree = BUILT_PRODUCTS_DIR; };
		BBD2A7412899D24000A01853 /* Project8 WatchKit App.app */ = {isa = PBXFileReference; explicitFileType = wrapper.application; includeInIndex = 0; path = "Project8 WatchKit App.app"; sourceTree = BUILT_PRODUCTS_DIR; };
		BBD2A7462899D24200A01853 /* Assets.xcassets */ = {isa = PBXFileReference; lastKnownFileType = folder.assetcatalog; path = Assets.xcassets; sourceTree = "<group>"; };
		BBD2A74C2899D24200A01853 /* Project8 WatchKit Extension.appex */ = {isa = PBXFileReference; explicitFileType = "wrapper.app-extension"; includeInIndex = 0; path = "Project8 WatchKit Extension.appex"; sourceTree = BUILT_PRODUCTS_DIR; };
		BBD2A7512899D24200A01853 /* ContentView.swift */ = {isa = PBXFileReference; lastKnownFileType = sourcecode.swift; path = ContentView.swift; sourceTree = "<group>"; };
		BBD2A7532899D24200A01853 /* Project8App.swift */ = {isa = PBXFileReference; lastKnownFileType = sourcecode.swift; path = Project8App.swift; sourceTree = "<group>"; };
		BBD2A7552899D24200A01853 /* ComplicationController.swift */ = {isa = PBXFileReference; lastKnownFileType = sourcecode.swift; path = ComplicationController.swift; sourceTree = "<group>"; };
		BBD2A7572899D24300A01853 /* Assets.xcassets */ = {isa = PBXFileReference; lastKnownFileType = folder.assetcatalog; path = Assets.xcassets; sourceTree = "<group>"; };
		BBD2A75A2899D24300A01853 /* Preview Assets.xcassets */ = {isa = PBXFileReference; lastKnownFileType = folder.assetcatalog; path = "Preview Assets.xcassets"; sourceTree = "<group>"; };
		BBD2A75C2899D24300A01853 /* Info.plist */ = {isa = PBXFileReference; lastKnownFileType = text.plist.xml; path = Info.plist; sourceTree = "<group>"; };
/* End PBXFileReference section */

/* Begin PBXFrameworksBuildPhase section */
		BBD2A7492899D24200A01853 /* Frameworks */ = {
			isa = PBXFrameworksBuildPhase;
			buildActionMask = 2147483647;
			files = (
			);
			runOnlyForDeploymentPostprocessing = 0;
		};
/* End PBXFrameworksBuildPhase section */

/* Begin PBXGroup section */
		BBD2A7362899D24000A01853 = {
			isa = PBXGroup;
			children = (
				BBD2A7452899D24000A01853 /* Project8 WatchKit App */,
				BBD2A7502899D24200A01853 /* Project8 WatchKit Extension */,
				BBD2A73E2899D24000A01853 /* Products */,
			);
			sourceTree = "<group>";
		};
		BBD2A73E2899D24000A01853 /* Products */ = {
			isa = PBXGroup;
			children = (
				BBD2A73D2899D24000A01853 /* Project8.app */,
				BBD2A7412899D24000A01853 /* Project8 WatchKit App.app */,
				BBD2A74C2899D24200A01853 /* Project8 WatchKit Extension.appex */,
			);
			name = Products;
			sourceTree = "<group>";
		};
		BBD2A7452899D24000A01853 /* Project8 WatchKit App */ = {
			isa = PBXGroup;
			children = (
				BBD2A7462899D24200A01853 /* Assets.xcassets */,
			);
			path = "Project8 WatchKit App";
			sourceTree = "<group>";
		};
		BBD2A7502899D24200A01853 /* Project8 WatchKit Extension */ = {
			isa = PBXGroup;
			children = (
				BBD2A7512899D24200A01853 /* ContentView.swift */,
				BBD2A7532899D24200A01853 /* Project8App.swift */,
				BBD2A7552899D24200A01853 /* ComplicationController.swift */,
				BBD2A7572899D24300A01853 /* Assets.xcassets */,
				BBD2A75C2899D24300A01853 /* Info.plist */,
				BBD2A7592899D24300A01853 /* Preview Content */,
			);
			path = "Project8 WatchKit Extension";
			sourceTree = "<group>";
		};
		BBD2A7592899D24300A01853 /* Preview Content */ = {
			isa = PBXGroup;
			children = (
				BBD2A75A2899D24300A01853 /* Preview Assets.xcassets */,
			);
			path = "Preview Content";
			sourceTree = "<group>";
		};
/* End PBXGroup section */

/* Begin PBXNativeTarget section */
		BBD2A73C2899D24000A01853 /* Project8 */ = {
			isa = PBXNativeTarget;
			buildConfigurationList = BBD2A7672899D24300A01853 /* Build configuration list for PBXNativeTarget "Project8" */;
			buildPhases = (
				BBD2A73B2899D24000A01853 /* Resources */,
				BBD2A7662899D24300A01853 /* Embed Watch Content */,
			);
			buildRules = (
			);
			dependencies = (
				BBD2A7442899D24000A01853 /* PBXTargetDependency */,
			);
			name = Project8;
			productName = Project8;
			productReference = BBD2A73D2899D24000A01853 /* Project8.app */;
			productType = "com.apple.product-type.application.watchapp2-container";
		};
		BBD2A7402899D24000A01853 /* Project8 WatchKit App */ = {
			isa = PBXNativeTarget;
			buildConfigurationList = BBD2A7632899D24300A01853 /* Build configuration list for PBXNativeTarget "Project8 WatchKit App" */;
			buildPhases = (
				BBD2A73F2899D24000A01853 /* Resources */,
				BBD2A7622899D24300A01853 /* Embed App Extensions */,
			);
			buildRules = (
			);
			dependencies = (
				BBD2A74F2899D24200A01853 /* PBXTargetDependency */,
			);
			name = "Project8 WatchKit App";
			productName = "Project8 WatchKit App";
			productReference = BBD2A7412899D24000A01853 /* Project8 WatchKit App.app */;
			productType = "com.apple.product-type.application.watchapp2";
		};
		BBD2A74B2899D24200A01853 /* Project8 WatchKit Extension */ = {
			isa = PBXNativeTarget;
			buildConfigurationList = BBD2A75F2899D24300A01853 /* Build configuration list for PBXNativeTarget "Project8 WatchKit Extension" */;
			buildPhases = (
				BBD2A7482899D24200A01853 /* Sources */,
				BBD2A7492899D24200A01853 /* Frameworks */,
				BBD2A74A2899D24200A01853 /* Resources */,
			);
			buildRules = (
			);
			dependencies = (
			);
			name = "Project8 WatchKit Extension";
			productName = "Project8 WatchKit Extension";
			productReference = BBD2A74C2899D24200A01853 /* Project8 WatchKit Extension.appex */;
			productType = "com.apple.product-type.watchkit2-extension";
		};
/* End PBXNativeTarget section */

/* Begin PBXProject section */
		BBD2A7372899D24000A01853 /* Project object */ = {
			isa = PBXProject;
			attributes = {
				BuildIndependentTargetsInParallel = 1;
				LastSwiftUpdateCheck = 1340;
				LastUpgradeCheck = 1340;
				TargetAttributes = {
					BBD2A73C2899D24000A01853 = {
						CreatedOnToolsVersion = 13.4.1;
					};
					BBD2A7402899D24000A01853 = {
						CreatedOnToolsVersion = 13.4.1;
					};
					BBD2A74B2899D24200A01853 = {
						CreatedOnToolsVersion = 13.4.1;
					};
				};
			};
			buildConfigurationList = BBD2A73A2899D24000A01853 /* Build configuration list for PBXProject "Project8" */;
			compatibilityVersion = "Xcode 13.0";
			developmentRegion = en;
			hasScannedForEncodings = 0;
			knownRegions = (
				en,
				Base,
			);
			mainGroup = BBD2A7362899D24000A01853;
			productRefGroup = BBD2A73E2899D24000A01853 /* Products */;
			projectDirPath = "";
			projectRoot = "";
			targets = (
				BBD2A73C2899D24000A01853 /* Project8 */,
				BBD2A7402899D24000A01853 /* Project8 WatchKit App */,
				BBD2A74B2899D24200A01853 /* Project8 WatchKit Extension */,
			);
		};
/* End PBXProject section */

/* Begin PBXResourcesBuildPhase section */
		BBD2A73B2899D24000A01853 /* Resources */ = {
			isa = PBXResourcesBuildPhase;
			buildActionMask = 2147483647;
			files = (
			);
			runOnlyForDeploymentPostprocessing = 0;
		};
		BBD2A73F2899D24000A01853 /* Resources */ = {
			isa = PBXResourcesBuildPhase;
			buildActionMask = 2147483647;
			files = (
				BBD2A7472899D24200A01853 /* Assets.xcassets in Resources */,
			);
			runOnlyForDeploymentPostprocessing = 0;
		};
		BBD2A74A2899D24200A01853 /* Resources */ = {
			isa = PBXResourcesBuildPhase;
			buildActionMask = 2147483647;
			files = (
				BBD2A75B2899D24300A01853 /* Preview Assets.xcassets in Resources */,
				BBD2A7582899D24300A01853 /* Assets.xcassets in Resources */,
			);
			runOnlyForDeploymentPostprocessing = 0;
		};
/* End PBXResourcesBuildPhase section */

/* Begin PBXSourcesBuildPhase section */
		BBD2A7482899D24200A01853 /* Sources */ = {
			isa = PBXSourcesBuildPhase;
			buildActionMask = 2147483647;
			files = (
				BBD2A7542899D24200A01853 /* Project8App.swift in Sources */,
				BBD2A7522899D24200A01853 /* ContentView.swift in Sources */,
				BBD2A7562899D24200A01853 /* ComplicationController.swift in Sources */,
			);
			runOnlyForDeploymentPostprocessing = 0;
		};
/* End PBXSourcesBuildPhase section */

/* Begin PBXTargetDependency section */
		BBD2A7442899D24000A01853 /* PBXTargetDependency */ = {
			isa = PBXTargetDependency;
			target = BBD2A7402899D24000A01853 /* Project8 WatchKit App */;
			targetProxy = BBD2A7432899D24000A01853 /* PBXContainerItemProxy */;
		};
		BBD2A74F2899D24200A01853 /* PBXTargetDependency */ = {
			isa = PBXTargetDependency;
			target = BBD2A74B2899D24200A01853 /* Project8 WatchKit Extension */;
			targetProxy = BBD2A74E2899D24200A01853 /* PBXContainerItemProxy */;
		};
/* End PBXTargetDependency section */

/* Begin XCBuildConfiguration section */
		BBD2A75D2899D24300A01853 /* Debug */ = {
			isa = XCBuildConfiguration;
			buildSettings = {
				ALWAYS_SEARCH_USER_PATHS = NO;
				CLANG_ANALYZER_NONNULL = YES;
				CLANG_ANALYZER_NUMBER_OBJECT_CONVERSION = YES_AGGRESSIVE;
				CLANG_CXX_LANGUAGE_STANDARD = "gnu++17";
				CLANG_ENABLE_MODULES = YES;
				CLANG_ENABLE_OBJC_ARC = YES;
				CLANG_ENABLE_OBJC_WEAK = YES;
				CLANG_WARN_BLOCK_CAPTURE_AUTORELEASING = YES;
				CLANG_WARN_BOOL_CONVERSION = YES;
				CLANG_WARN_COMMA = YES;
				CLANG_WARN_CONSTANT_CONVERSION = YES;
				CLANG_WARN_DEPRECATED_OBJC_IMPLEMENTATIONS = YES;
				CLANG_WARN_DIRECT_OBJC_ISA_USAGE = YES_ERROR;
				CLANG_WARN_DOCUMENTATION_COMMENTS = YES;
				CLANG_WARN_EMPTY_BODY = YES;
				CLANG_WARN_ENUM_CONVERSION = YES;
				CLANG_WARN_INFINITE_RECURSION = YES;
				CLANG_WARN_INT_CONVERSION = YES;
				CLANG_WARN_NON_LITERAL_NULL_CONVERSION = YES;
				CLANG_WARN_OBJC_IMPLICIT_RETAIN_SELF = YES;
				CLANG_WARN_OBJC_LITERAL_CONVERSION = YES;
				CLANG_WARN_OBJC_ROOT_CLASS = YES_ERROR;
				CLANG_WARN_QUOTED_INCLUDE_IN_FRAMEWORK_HEADER = YES;
				CLANG_WARN_RANGE_LOOP_ANALYSIS = YES;
				CLANG_WARN_STRICT_PROTOTYPES = YES;
				CLANG_WARN_SUSPICIOUS_MOVE = YES;
				CLANG_WARN_UNGUARDED_AVAILABILITY = YES_AGGRESSIVE;
				CLANG_WARN_UNREACHABLE_CODE = YES;
				CLANG_WARN__DUPLICATE_METHOD_MATCH = YES;
				COPY_PHASE_STRIP = NO;
				DEBUG_INFORMATION_FORMAT = dwarf;
				ENABLE_STRICT_OBJC_MSGSEND = YES;
				ENABLE_TESTABILITY = YES;
				GCC_C_LANGUAGE_STANDARD = gnu11;
				GCC_DYNAMIC_NO_PIC = NO;
				GCC_NO_COMMON_BLOCKS = YES;
				GCC_OPTIMIZATION_LEVEL = 0;
				GCC_PREPROCESSOR_DEFINITIONS = (
					"DEBUG=1",
					"$(inherited)",
				);
				GCC_WARN_64_TO_32_BIT_CONVERSION = YES;
				GCC_WARN_ABOUT_RETURN_TYPE = YES_ERROR;
				GCC_WARN_UNDECLARED_SELECTOR = YES;
				GCC_WARN_UNINITIALIZED_AUTOS = YES_AGGRESSIVE;
				GCC_WARN_UNUSED_FUNCTION = YES;
				GCC_WARN_UNUSED_VARIABLE = YES;
				MTL_ENABLE_DEBUG_INFO = INCLUDE_SOURCE;
				MTL_FAST_MATH = YES;
				ONLY_ACTIVE_ARCH = YES;
				SDKROOT = iphoneos;
				SWIFT_ACTIVE_COMPILATION_CONDITIONS = DEBUG;
				SWIFT_OPTIMIZATION_LEVEL = "-Onone";
			};
			name = Debug;
		};
		BBD2A75E2899D24300A01853 /* Release */ = {
			isa = XCBuildConfiguration;
			buildSettings = {
				ALWAYS_SEARCH_USER_PATHS = NO;
				CLANG_ANALYZER_NONNULL = YES;
				CLANG_ANALYZER_NUMBER_OBJECT_CONVERSION = YES_AGGRESSIVE;
				CLANG_CXX_LANGUAGE_STANDARD = "gnu++17";
				CLANG_ENABLE_MODULES = YES;
				CLANG_ENABLE_OBJC_ARC = YES;
				CLANG_ENABLE_OBJC_WEAK = YES;
				CLANG_WARN_BLOCK_CAPTURE_AUTORELEASING = YES;
				CLANG_WARN_BOOL_CONVERSION = YES;
				CLANG_WARN_COMMA = YES;
				CLANG_WARN_CONSTANT_CONVERSION = YES;
				CLANG_WARN_DEPRECATED_OBJC_IMPLEMENTATIONS = YES;
				CLANG_WARN_DIRECT_OBJC_ISA_USAGE = YES_ERROR;
				CLANG_WARN_DOCUMENTATION_COMMENTS = YES;
				CLANG_WARN_EMPTY_BODY = YES;
				CLANG_WARN_ENUM_CONVERSION = YES;
				CLANG_WARN_INFINITE_RECURSION = YES;
				CLANG_WARN_INT_CONVERSION = YES;
				CLANG_WARN_NON_LITERAL_NULL_CONVERSION = YES;
				CLANG_WARN_OBJC_IMPLICIT_RETAIN_SELF = YES;
				CLANG_WARN_OBJC_LITERAL_CONVERSION = YES;
				CLANG_WARN_OBJC_ROOT_CLASS = YES_ERROR;
				CLANG_WARN_QUOTED_INCLUDE_IN_FRAMEWORK_HEADER = YES;
				CLANG_WARN_RANGE_LOOP_ANALYSIS = YES;
				CLANG_WARN_STRICT_PROTOTYPES = YES;
				CLANG_WARN_SUSPICIOUS_MOVE = YES;
				CLANG_WARN_UNGUARDED_AVAILABILITY = YES_AGGRESSIVE;
				CLANG_WARN_UNREACHABLE_CODE = YES;
				CLANG_WARN__DUPLICATE_METHOD_MATCH = YES;
				COPY_PHASE_STRIP = NO;
				DEBUG_INFORMATION_FORMAT = "dwarf-with-dsym";
				ENABLE_NS_ASSERTIONS = NO;
				ENABLE_STRICT_OBJC_MSGSEND = YES;
				GCC_C_LANGUAGE_STANDARD = gnu11;
				GCC_NO_COMMON_BLOCKS = YES;
				GCC_WARN_64_TO_32_BIT_CONVERSION = YES;
				GCC_WARN_ABOUT_RETURN_TYPE = YES_ERROR;
				GCC_WARN_UNDECLARED_SELECTOR = YES;
				GCC_WARN_UNINITIALIZED_AUTOS = YES_AGGRESSIVE;
				GCC_WARN_UNUSED_FUNCTION = YES;
				GCC_WARN_UNUSED_VARIABLE = YES;
				MTL_ENABLE_DEBUG_INFO = NO;
				MTL_FAST_MATH = YES;
				SDKROOT = iphoneos;
				SWIFT_COMPILATION_MODE = wholemodule;
				SWIFT_OPTIMIZATION_LEVEL = "-O";
				VALIDATE_PRODUCT = YES;
			};
			name = Release;
		};
		BBD2A7602899D24300A01853 /* Debug */ = {
			isa = XCBuildConfiguration;
			buildSettings = {
				ASSETCATALOG_COMPILER_COMPLICATION_NAME = Complication;
				CODE_SIGN_STYLE = Automatic;
				CURRENT_PROJECT_VERSION = 1;
				DEVELOPMENT_ASSET_PATHS = "\"Project8 WatchKit Extension/Preview Content\"";
				DEVELOPMENT_TEAM = LDT5GDB2EQ;
				ENABLE_PREVIEWS = YES;
				GENERATE_INFOPLIST_FILE = YES;
				INFOPLIST_FILE = "Project8 WatchKit Extension/Info.plist";
				INFOPLIST_KEY_CFBundleDisplayName = "Project8 WatchKit Extension";
				INFOPLIST_KEY_CLKComplicationPrincipalClass = "$(PRODUCT_MODULE_NAME).ComplicationController";
				INFOPLIST_KEY_NSHumanReadableCopyright = "";
				INFOPLIST_KEY_WKWatchOnly = YES;
				LD_RUNPATH_SEARCH_PATHS = (
					"$(inherited)",
					"@executable_path/Frameworks",
					"@executable_path/../../Frameworks",
				);
				MARKETING_VERSION = 1.0;
				PRODUCT_BUNDLE_IDENTIFIER = clintonsbm.Project8.watchkitapp.watchkitextension;
				PRODUCT_NAME = "${TARGET_NAME}";
				SDKROOT = watchos;
				SKIP_INSTALL = YES;
				SWIFT_EMIT_LOC_STRINGS = YES;
				SWIFT_VERSION = 5.0;
				TARGETED_DEVICE_FAMILY = 4;
				WATCHOS_DEPLOYMENT_TARGET = 8.5;
			};
			name = Debug;
		};
		BBD2A7612899D24300A01853 /* Release */ = {
			isa = XCBuildConfiguration;
			buildSettings = {
				ASSETCATALOG_COMPILER_COMPLICATION_NAME = Complication;
				CODE_SIGN_STYLE = Automatic;
				CURRENT_PROJECT_VERSION = 1;
				DEVELOPMENT_ASSET_PATHS = "\"Project8 WatchKit Extension/Preview Content\"";
				DEVELOPMENT_TEAM = LDT5GDB2EQ;
				ENABLE_PREVIEWS = YES;
				GENERATE_INFOPLIST_FILE = YES;
				INFOPLIST_FILE = "Project8 WatchKit Extension/Info.plist";
				INFOPLIST_KEY_CFBundleDisplayName = "Project8 WatchKit Extension";
				INFOPLIST_KEY_CLKComplicationPrincipalClass = "$(PRODUCT_MODULE_NAME).ComplicationController";
				INFOPLIST_KEY_NSHumanReadableCopyright = "";
				INFOPLIST_KEY_WKWatchOnly = YES;
				LD_RUNPATH_SEARCH_PATHS = (
					"$(inherited)",
					"@executable_path/Frameworks",
					"@executable_path/../../Frameworks",
				);
				MARKETING_VERSION = 1.0;
				PRODUCT_BUNDLE_IDENTIFIER = clintonsbm.Project8.watchkitapp.watchkitextension;
				PRODUCT_NAME = "${TARGET_NAME}";
				SDKROOT = watchos;
				SKIP_INSTALL = YES;
				SWIFT_EMIT_LOC_STRINGS = YES;
				SWIFT_VERSION = 5.0;
				TARGETED_DEVICE_FAMILY = 4;
				WATCHOS_DEPLOYMENT_TARGET = 8.5;
			};
			name = Release;
		};
		BBD2A7642899D24300A01853 /* Debug */ = {
			isa = XCBuildConfiguration;
			buildSettings = {
				ALWAYS_EMBED_SWIFT_STANDARD_LIBRARIES = YES;
				ASSETCATALOG_COMPILER_APPICON_NAME = AppIcon;
				ASSETCATALOG_COMPILER_GLOBAL_ACCENT_COLOR_NAME = AccentColor;
				CODE_SIGN_STYLE = Automatic;
				CURRENT_PROJECT_VERSION = 1;
				DEVELOPMENT_TEAM = LDT5GDB2EQ;
				GENERATE_INFOPLIST_FILE = YES;
				IBSC_MODULE = Project8_WatchKit_Extension;
				INFOPLIST_KEY_CFBundleDisplayName = "Project8 WatchKit App";
				INFOPLIST_KEY_UISupportedInterfaceOrientations = "UIInterfaceOrientationPortrait UIInterfaceOrientationPortraitUpsideDown";
				MARKETING_VERSION = 1.0;
				PRODUCT_BUNDLE_IDENTIFIER = clintonsbm.Project8.watchkitapp;
				PRODUCT_NAME = "$(TARGET_NAME)";
				SDKROOT = watchos;
				SKIP_INSTALL = YES;
				SWIFT_EMIT_LOC_STRINGS = YES;
				SWIFT_VERSION = 5.0;
				TARGETED_DEVICE_FAMILY = 4;
				WATCHOS_DEPLOYMENT_TARGET = 8.5;
			};
			name = Debug;
		};
		BBD2A7652899D24300A01853 /* Release */ = {
			isa = XCBuildConfiguration;
			buildSettings = {
				ALWAYS_EMBED_SWIFT_STANDARD_LIBRARIES = YES;
				ASSETCATALOG_COMPILER_APPICON_NAME = AppIcon;
				ASSETCATALOG_COMPILER_GLOBAL_ACCENT_COLOR_NAME = AccentColor;
				CODE_SIGN_STYLE = Automatic;
				CURRENT_PROJECT_VERSION = 1;
				DEVELOPMENT_TEAM = LDT5GDB2EQ;
				GENERATE_INFOPLIST_FILE = YES;
				IBSC_MODULE = Project8_WatchKit_Extension;
				INFOPLIST_KEY_CFBundleDisplayName = "Project8 WatchKit App";
				INFOPLIST_KEY_UISupportedInterfaceOrientations = "UIInterfaceOrientationPortrait UIInterfaceOrientationPortraitUpsideDown";
				MARKETING_VERSION = 1.0;
				PRODUCT_BUNDLE_IDENTIFIER = clintonsbm.Project8.watchkitapp;
				PRODUCT_NAME = "$(TARGET_NAME)";
				SDKROOT = watchos;
				SKIP_INSTALL = YES;
				SWIFT_EMIT_LOC_STRINGS = YES;
				SWIFT_VERSION = 5.0;
				TARGETED_DEVICE_FAMILY = 4;
				WATCHOS_DEPLOYMENT_TARGET = 8.5;
			};
			name = Release;
		};
		BBD2A7682899D24300A01853 /* Debug */ = {
			isa = XCBuildConfiguration;
			buildSettings = {
				CODE_SIGN_STYLE = Automatic;
				CURRENT_PROJECT_VERSION = 1;
				DEVELOPMENT_TEAM = LDT5GDB2EQ;
				MARKETING_VERSION = 1.0;
				PRODUCT_BUNDLE_IDENTIFIER = clintonsbm.Project8;
				PRODUCT_NAME = "$(TARGET_NAME)";
				SWIFT_VERSION = 5.0;
			};
			name = Debug;
		};
		BBD2A7692899D24300A01853 /* Release */ = {
			isa = XCBuildConfiguration;
			buildSettings = {
				CODE_SIGN_STYLE = Automatic;
				CURRENT_PROJECT_VERSION = 1;
				DEVELOPMENT_TEAM = LDT5GDB2EQ;
				MARKETING_VERSION = 1.0;
				PRODUCT_BUNDLE_IDENTIFIER = clintonsbm.Project8;
				PRODUCT_NAME = "$(TARGET_NAME)";
				SWIFT_VERSION = 5.0;
			};
			name = Release;
		};
/* End XCBuildConfiguration section */

/* Begin XCConfigurationList section */
		BBD2A73A2899D24000A01853 /* Build configuration list for PBXProject "Project8" */ = {
			isa = XCConfigurationList;
			buildConfigurations = (
				BBD2A75D2899D24300A01853 /* Debug */,
				BBD2A75E2899D24300A01853 /* Release */,
			);
			defaultConfigurationIsVisible = 0;
			defaultConfigurationName = Release;
		};
		BBD2A75F2899D24300A01853 /* Build configuration list for PBXNativeTarget "Project8 WatchKit Extension" */ = {
			isa = XCConfigurationList;
			buildConfigurations = (
				BBD2A7602899D24300A01853 /* Debug */,
				BBD2A7612899D24300A01853 /* Release */,
			);
			defaultConfigurationIsVisible = 0;
			defaultConfigurationName = Release;
		};
		BBD2A7632899D24300A01853 /* Build configuration list for PBXNativeTarget "Project8 WatchKit App" */ = {
			isa = XCConfigurationList;
			buildConfigurations = (
				BBD2A7642899D24300A01853 /* Debug */,
				BBD2A7652899D24300A01853 /* Release */,
			);
			defaultConfigurationIsVisible = 0;
			defaultConfigurationName = Release;
		};
		BBD2A7672899D24300A01853 /* Build configuration list for PBXNativeTarget "Project8" */ = {
			isa = XCConfigurationList;
			buildConfigurations = (
				BBD2A7682899D24300A01853 /* Debug */,
				BBD2A7692899D24300A01853 /* Release */,
			);
			defaultConfigurationIsVisible = 0;
			defaultConfigurationName = Release;
		};
/* End XCConfigurationList section */
	};
	rootObject = BBD2A7372899D24000A01853 /* Project object */;
}
