// !$*UTF8*$!
{
	archiveVersion = 1;
	classes = {
	};
	objectVersion = 55;
	objects = {

/* Begin PBXBuildFile section */
		B49EAA372880DB360081746A /* ConfigurationView.swift in Sources */ = {isa = PBXBuildFile; fileRef = B49EAA362880DB360081746A /* ConfigurationView.swift */; };
		B4BED3CB285E79A00052E176 /* project5 WatchKit App.app in Embed Watch Content */ = {isa = PBXBuildFile; fileRef = B4BED3CA285E79A00052E176 /* project5 WatchKit App.app */; settings = {ATTRIBUTES = (RemoveHeadersOnCopy, ); }; };
		B4BED3D0285E79A30052E176 /* Assets.xcassets in Resources */ = {isa = PBXBuildFile; fileRef = B4BED3CF285E79A30052E176 /* Assets.xcassets */; };
		B4BED3D6285E79A40052E176 /* project5 WatchKit Extension.appex in Embed App Extensions */ = {isa = PBXBuildFile; fileRef = B4BED3D5285E79A40052E176 /* project5 WatchKit Extension.appex */; settings = {ATTRIBUTES = (RemoveHeadersOnCopy, ); }; };
		B4BED3DB285E79A40052E176 /* ContentView.swift in Sources */ = {isa = PBXBuildFile; fileRef = B4BED3DA285E79A40052E176 /* ContentView.swift */; };
		B4BED3DD285E79A40052E176 /* project5App.swift in Sources */ = {isa = PBXBuildFile; fileRef = B4BED3DC285E79A40052E176 /* project5App.swift */; };
		B4BED3DF285E79A40052E176 /* ComplicationController.swift in Sources */ = {isa = PBXBuildFile; fileRef = B4BED3DE285E79A40052E176 /* ComplicationController.swift */; };
		B4BED3E1285E79A50052E176 /* Assets.xcassets in Resources */ = {isa = PBXBuildFile; fileRef = B4BED3E0285E79A50052E176 /* Assets.xcassets */; };
		B4BED3E4285E79A50052E176 /* Preview Assets.xcassets in Resources */ = {isa = PBXBuildFile; fileRef = B4BED3E3285E79A50052E176 /* Preview Assets.xcassets */; };
/* End PBXBuildFile section */

/* Begin PBXContainerItemProxy section */
		B4BED3CC285E79A00052E176 /* PBXContainerItemProxy */ = {
			isa = PBXContainerItemProxy;
			containerPortal = B4BED3C0285E79A00052E176 /* Project object */;
			proxyType = 1;
			remoteGlobalIDString = B4BED3C9285E79A00052E176;
			remoteInfo = "project5 WatchKit App";
		};
		B4BED3D7285E79A40052E176 /* PBXContainerItemProxy */ = {
			isa = PBXContainerItemProxy;
			containerPortal = B4BED3C0285E79A00052E176 /* Project object */;
			proxyType = 1;
			remoteGlobalIDString = B4BED3D4285E79A40052E176;
			remoteInfo = "project5 WatchKit Extension";
		};
/* End PBXContainerItemProxy section */

/* Begin PBXCopyFilesBuildPhase section */
		B4BED3EB285E79A50052E176 /* Embed App Extensions */ = {
			isa = PBXCopyFilesBuildPhase;
			buildActionMask = 2147483647;
			dstPath = "";
			dstSubfolderSpec = 13;
			files = (
				B4BED3D6285E79A40052E176 /* project5 WatchKit Extension.appex in Embed App Extensions */,
			);
			name = "Embed App Extensions";
			runOnlyForDeploymentPostprocessing = 0;
		};
		B4BED3EF285E79A50052E176 /* Embed Watch Content */ = {
			isa = PBXCopyFilesBuildPhase;
			buildActionMask = 2147483647;
			dstPath = "$(CONTENTS_FOLDER_PATH)/Watch";
			dstSubfolderSpec = 16;
			files = (
				B4BED3CB285E79A00052E176 /* project5 WatchKit App.app in Embed Watch Content */,
			);
			name = "Embed Watch Content";
			runOnlyForDeploymentPostprocessing = 0;
		};
/* End PBXCopyFilesBuildPhase section */

/* Begin PBXFileReference section */
		B49EAA362880DB360081746A /* ConfigurationView.swift */ = {isa = PBXFileReference; lastKnownFileType = sourcecode.swift; path = ConfigurationView.swift; sourceTree = "<group>"; };
		B4BED3C6285E79A00052E176 /* project5.app */ = {isa = PBXFileReference; explicitFileType = wrapper.application; includeInIndex = 0; path = project5.app; sourceTree = BUILT_PRODUCTS_DIR; };
		B4BED3CA285E79A00052E176 /* project5 WatchKit App.app */ = {isa = PBXFileReference; explicitFileType = wrapper.application; includeInIndex = 0; path = "project5 WatchKit App.app"; sourceTree = BUILT_PRODUCTS_DIR; };
		B4BED3CF285E79A30052E176 /* Assets.xcassets */ = {isa = PBXFileReference; lastKnownFileType = folder.assetcatalog; path = Assets.xcassets; sourceTree = "<group>"; };
		B4BED3D5285E79A40052E176 /* project5 WatchKit Extension.appex */ = {isa = PBXFileReference; explicitFileType = "wrapper.app-extension"; includeInIndex = 0; path = "project5 WatchKit Extension.appex"; sourceTree = BUILT_PRODUCTS_DIR; };
		B4BED3DA285E79A40052E176 /* ContentView.swift */ = {isa = PBXFileReference; lastKnownFileType = sourcecode.swift; path = ContentView.swift; sourceTree = "<group>"; };
		B4BED3DC285E79A40052E176 /* project5App.swift */ = {isa = PBXFileReference; lastKnownFileType = sourcecode.swift; path = project5App.swift; sourceTree = "<group>"; };
		B4BED3DE285E79A40052E176 /* ComplicationController.swift */ = {isa = PBXFileReference; lastKnownFileType = sourcecode.swift; path = ComplicationController.swift; sourceTree = "<group>"; };
		B4BED3E0285E79A50052E176 /* Assets.xcassets */ = {isa = PBXFileReference; lastKnownFileType = folder.assetcatalog; path = Assets.xcassets; sourceTree = "<group>"; };
		B4BED3E3285E79A50052E176 /* Preview Assets.xcassets */ = {isa = PBXFileReference; lastKnownFileType = folder.assetcatalog; path = "Preview Assets.xcassets"; sourceTree = "<group>"; };
		B4BED3E5285E79A50052E176 /* Info.plist */ = {isa = PBXFileReference; lastKnownFileType = text.plist.xml; path = Info.plist; sourceTree = "<group>"; };
/* End PBXFileReference section */

/* Begin PBXFrameworksBuildPhase section */
		B4BED3D2285E79A40052E176 /* Frameworks */ = {
			isa = PBXFrameworksBuildPhase;
			buildActionMask = 2147483647;
			files = (
			);
			runOnlyForDeploymentPostprocessing = 0;
		};
/* End PBXFrameworksBuildPhase section */

/* Begin PBXGroup section */
		B4BED3BF285E79A00052E176 = {
			isa = PBXGroup;
			children = (
				B4BED3CE285E79A00052E176 /* project5 WatchKit App */,
				B4BED3D9285E79A40052E176 /* project5 WatchKit Extension */,
				B4BED3C7285E79A00052E176 /* Products */,
			);
			sourceTree = "<group>";
		};
		B4BED3C7285E79A00052E176 /* Products */ = {
			isa = PBXGroup;
			children = (
				B4BED3C6285E79A00052E176 /* project5.app */,
				B4BED3CA285E79A00052E176 /* project5 WatchKit App.app */,
				B4BED3D5285E79A40052E176 /* project5 WatchKit Extension.appex */,
			);
			name = Products;
			sourceTree = "<group>";
		};
		B4BED3CE285E79A00052E176 /* project5 WatchKit App */ = {
			isa = PBXGroup;
			children = (
				B4BED3CF285E79A30052E176 /* Assets.xcassets */,
			);
			path = "project5 WatchKit App";
			sourceTree = "<group>";
		};
		B4BED3D9285E79A40052E176 /* project5 WatchKit Extension */ = {
			isa = PBXGroup;
			children = (
				B49EAA362880DB360081746A /* ConfigurationView.swift */,
				B4BED3DA285E79A40052E176 /* ContentView.swift */,
				B4BED3DC285E79A40052E176 /* project5App.swift */,
				B4BED3DE285E79A40052E176 /* ComplicationController.swift */,
				B4BED3E0285E79A50052E176 /* Assets.xcassets */,
				B4BED3E5285E79A50052E176 /* Info.plist */,
				B4BED3E2285E79A50052E176 /* Preview Content */,
			);
			path = "project5 WatchKit Extension";
			sourceTree = "<group>";
		};
		B4BED3E2285E79A50052E176 /* Preview Content */ = {
			isa = PBXGroup;
			children = (
				B4BED3E3285E79A50052E176 /* Preview Assets.xcassets */,
			);
			path = "Preview Content";
			sourceTree = "<group>";
		};
/* End PBXGroup section */

/* Begin PBXNativeTarget section */
		B4BED3C5285E79A00052E176 /* project5 */ = {
			isa = PBXNativeTarget;
			buildConfigurationList = B4BED3F0285E79A50052E176 /* Build configuration list for PBXNativeTarget "project5" */;
			buildPhases = (
				B4BED3C4285E79A00052E176 /* Resources */,
				B4BED3EF285E79A50052E176 /* Embed Watch Content */,
			);
			buildRules = (
			);
			dependencies = (
				B4BED3CD285E79A00052E176 /* PBXTargetDependency */,
			);
			name = project5;
			productName = project5;
			productReference = B4BED3C6285E79A00052E176 /* project5.app */;
			productType = "com.apple.product-type.application.watchapp2-container";
		};
		B4BED3C9285E79A00052E176 /* project5 WatchKit App */ = {
			isa = PBXNativeTarget;
			buildConfigurationList = B4BED3EC285E79A50052E176 /* Build configuration list for PBXNativeTarget "project5 WatchKit App" */;
			buildPhases = (
				B4BED3C8285E79A00052E176 /* Resources */,
				B4BED3EB285E79A50052E176 /* Embed App Extensions */,
			);
			buildRules = (
			);
			dependencies = (
				B4BED3D8285E79A40052E176 /* PBXTargetDependency */,
			);
			name = "project5 WatchKit App";
			productName = "project5 WatchKit App";
			productReference = B4BED3CA285E79A00052E176 /* project5 WatchKit App.app */;
			productType = "com.apple.product-type.application.watchapp2";
		};
		B4BED3D4285E79A40052E176 /* project5 WatchKit Extension */ = {
			isa = PBXNativeTarget;
			buildConfigurationList = B4BED3E8285E79A50052E176 /* Build configuration list for PBXNativeTarget "project5 WatchKit Extension" */;
			buildPhases = (
				B4BED3D1285E79A40052E176 /* Sources */,
				B4BED3D2285E79A40052E176 /* Frameworks */,
				B4BED3D3285E79A40052E176 /* Resources */,
			);
			buildRules = (
			);
			dependencies = (
			);
			name = "project5 WatchKit Extension";
			productName = "project5 WatchKit Extension";
			productReference = B4BED3D5285E79A40052E176 /* project5 WatchKit Extension.appex */;
			productType = "com.apple.product-type.watchkit2-extension";
		};
/* End PBXNativeTarget section */

/* Begin PBXProject section */
		B4BED3C0285E79A00052E176 /* Project object */ = {
			isa = PBXProject;
			attributes = {
				BuildIndependentTargetsInParallel = 1;
				LastSwiftUpdateCheck = 1340;
				LastUpgradeCheck = 1340;
				TargetAttributes = {
					B4BED3C5285E79A00052E176 = {
						CreatedOnToolsVersion = 13.4.1;
					};
					B4BED3C9285E79A00052E176 = {
						CreatedOnToolsVersion = 13.4.1;
					};
					B4BED3D4285E79A40052E176 = {
						CreatedOnToolsVersion = 13.4.1;
					};
				};
			};
			buildConfigurationList = B4BED3C3285E79A00052E176 /* Build configuration list for PBXProject "project5" */;
			compatibilityVersion = "Xcode 13.0";
			developmentRegion = en;
			hasScannedForEncodings = 0;
			knownRegions = (
				en,
				Base,
			);
			mainGroup = B4BED3BF285E79A00052E176;
			productRefGroup = B4BED3C7285E79A00052E176 /* Products */;
			projectDirPath = "";
			projectRoot = "";
			targets = (
				B4BED3C5285E79A00052E176 /* project5 */,
				B4BED3C9285E79A00052E176 /* project5 WatchKit App */,
				B4BED3D4285E79A40052E176 /* project5 WatchKit Extension */,
			);
		};
/* End PBXProject section */

/* Begin PBXResourcesBuildPhase section */
		B4BED3C4285E79A00052E176 /* Resources */ = {
			isa = PBXResourcesBuildPhase;
			buildActionMask = 2147483647;
			files = (
			);
			runOnlyForDeploymentPostprocessing = 0;
		};
		B4BED3C8285E79A00052E176 /* Resources */ = {
			isa = PBXResourcesBuildPhase;
			buildActionMask = 2147483647;
			files = (
				B4BED3D0285E79A30052E176 /* Assets.xcassets in Resources */,
			);
			runOnlyForDeploymentPostprocessing = 0;
		};
		B4BED3D3285E79A40052E176 /* Resources */ = {
			isa = PBXResourcesBuildPhase;
			buildActionMask = 2147483647;
			files = (
				B4BED3E4285E79A50052E176 /* Preview Assets.xcassets in Resources */,
				B4BED3E1285E79A50052E176 /* Assets.xcassets in Resources */,
			);
			runOnlyForDeploymentPostprocessing = 0;
		};
/* End PBXResourcesBuildPhase section */

/* Begin PBXSourcesBuildPhase section */
		B4BED3D1285E79A40052E176 /* Sources */ = {
			isa = PBXSourcesBuildPhase;
			buildActionMask = 2147483647;
			files = (
				B4BED3DB285E79A40052E176 /* ContentView.swift in Sources */,
				B49EAA372880DB360081746A /* ConfigurationView.swift in Sources */,
				B4BED3DD285E79A40052E176 /* project5App.swift in Sources */,
				B4BED3DF285E79A40052E176 /* ComplicationController.swift in Sources */,
			);
			runOnlyForDeploymentPostprocessing = 0;
		};
/* End PBXSourcesBuildPhase section */

/* Begin PBXTargetDependency section */
		B4BED3CD285E79A00052E176 /* PBXTargetDependency */ = {
			isa = PBXTargetDependency;
			target = B4BED3C9285E79A00052E176 /* project5 WatchKit App */;
			targetProxy = B4BED3CC285E79A00052E176 /* PBXContainerItemProxy */;
		};
		B4BED3D8285E79A40052E176 /* PBXTargetDependency */ = {
			isa = PBXTargetDependency;
			target = B4BED3D4285E79A40052E176 /* project5 WatchKit Extension */;
			targetProxy = B4BED3D7285E79A40052E176 /* PBXContainerItemProxy */;
		};
/* End PBXTargetDependency section */

/* Begin XCBuildConfiguration section */
		B4BED3E6285E79A50052E176 /* Debug */ = {
			isa = XCBuildConfiguration;
			buildSettings = {
				ALWAYS_SEARCH_USER_PATHS = NO;
				CLANG_ANALYZER_NONNULL = YES;
				CLANG_ANALYZER_NUMBER_OBJECT_CONVERSION = YES_AGGRESSIVE;
				CLANG_CXX_LANGUAGE_STANDARD = "gnu++17";
				CLANG_ENABLE_MODULES = YES;
				CLANG_ENABLE_OBJC_ARC = YES;
				CLANG_ENABLE_OBJC_WEAK = YES;
				CLANG_WARN_BLOCK_CAPTURE_AUTORELEASING = YES;
				CLANG_WARN_BOOL_CONVERSION = YES;
				CLANG_WARN_COMMA = YES;
				CLANG_WARN_CONSTANT_CONVERSION = YES;
				CLANG_WARN_DEPRECATED_OBJC_IMPLEMENTATIONS = YES;
				CLANG_WARN_DIRECT_OBJC_ISA_USAGE = YES_ERROR;
				CLANG_WARN_DOCUMENTATION_COMMENTS = YES;
				CLANG_WARN_EMPTY_BODY = YES;
				CLANG_WARN_ENUM_CONVERSION = YES;
				CLANG_WARN_INFINITE_RECURSION = YES;
				CLANG_WARN_INT_CONVERSION = YES;
				CLANG_WARN_NON_LITERAL_NULL_CONVERSION = YES;
				CLANG_WARN_OBJC_IMPLICIT_RETAIN_SELF = YES;
				CLANG_WARN_OBJC_LITERAL_CONVERSION = YES;
				CLANG_WARN_OBJC_ROOT_CLASS = YES_ERROR;
				CLANG_WARN_QUOTED_INCLUDE_IN_FRAMEWORK_HEADER = YES;
				CLANG_WARN_RANGE_LOOP_ANALYSIS = YES;
				CLANG_WARN_STRICT_PROTOTYPES = YES;
				CLANG_WARN_SUSPICIOUS_MOVE = YES;
				CLANG_WARN_UNGUARDED_AVAILABILITY = YES_AGGRESSIVE;
				CLANG_WARN_UNREACHABLE_CODE = YES;
				CLANG_WARN__DUPLICATE_METHOD_MATCH = YES;
				COPY_PHASE_STRIP = NO;
				DEBUG_INFORMATION_FORMAT = dwarf;
				ENABLE_STRICT_OBJC_MSGSEND = YES;
				ENABLE_TESTABILITY = YES;
				GCC_C_LANGUAGE_STANDARD = gnu11;
				GCC_DYNAMIC_NO_PIC = NO;
				GCC_NO_COMMON_BLOCKS = YES;
				GCC_OPTIMIZATION_LEVEL = 0;
				GCC_PREPROCESSOR_DEFINITIONS = (
					"DEBUG=1",
					"$(inherited)",
				);
				GCC_WARN_64_TO_32_BIT_CONVERSION = YES;
				GCC_WARN_ABOUT_RETURN_TYPE = YES_ERROR;
				GCC_WARN_UNDECLARED_SELECTOR = YES;
				GCC_WARN_UNINITIALIZED_AUTOS = YES_AGGRESSIVE;
				GCC_WARN_UNUSED_FUNCTION = YES;
				GCC_WARN_UNUSED_VARIABLE = YES;
				MTL_ENABLE_DEBUG_INFO = INCLUDE_SOURCE;
				MTL_FAST_MATH = YES;
				ONLY_ACTIVE_ARCH = YES;
				SDKROOT = iphoneos;
				SWIFT_ACTIVE_COMPILATION_CONDITIONS = DEBUG;
				SWIFT_OPTIMIZATION_LEVEL = "-Onone";
			};
			name = Debug;
		};
		B4BED3E7285E79A50052E176 /* Release */ = {
			isa = XCBuildConfiguration;
			buildSettings = {
				ALWAYS_SEARCH_USER_PATHS = NO;
				CLANG_ANALYZER_NONNULL = YES;
				CLANG_ANALYZER_NUMBER_OBJECT_CONVERSION = YES_AGGRESSIVE;
				CLANG_CXX_LANGUAGE_STANDARD = "gnu++17";
				CLANG_ENABLE_MODULES = YES;
				CLANG_ENABLE_OBJC_ARC = YES;
				CLANG_ENABLE_OBJC_WEAK = YES;
				CLANG_WARN_BLOCK_CAPTURE_AUTORELEASING = YES;
				CLANG_WARN_BOOL_CONVERSION = YES;
				CLANG_WARN_COMMA = YES;
				CLANG_WARN_CONSTANT_CONVERSION = YES;
				CLANG_WARN_DEPRECATED_OBJC_IMPLEMENTATIONS = YES;
				CLANG_WARN_DIRECT_OBJC_ISA_USAGE = YES_ERROR;
				CLANG_WARN_DOCUMENTATION_COMMENTS = YES;
				CLANG_WARN_EMPTY_BODY = YES;
				CLANG_WARN_ENUM_CONVERSION = YES;
				CLANG_WARN_INFINITE_RECURSION = YES;
				CLANG_WARN_INT_CONVERSION = YES;
				CLANG_WARN_NON_LITERAL_NULL_CONVERSION = YES;
				CLANG_WARN_OBJC_IMPLICIT_RETAIN_SELF = YES;
				CLANG_WARN_OBJC_LITERAL_CONVERSION = YES;
				CLANG_WARN_OBJC_ROOT_CLASS = YES_ERROR;
				CLANG_WARN_QUOTED_INCLUDE_IN_FRAMEWORK_HEADER = YES;
				CLANG_WARN_RANGE_LOOP_ANALYSIS = YES;
				CLANG_WARN_STRICT_PROTOTYPES = YES;
				CLANG_WARN_SUSPICIOUS_MOVE = YES;
				CLANG_WARN_UNGUARDED_AVAILABILITY = YES_AGGRESSIVE;
				CLANG_WARN_UNREACHABLE_CODE = YES;
				CLANG_WARN__DUPLICATE_METHOD_MATCH = YES;
				COPY_PHASE_STRIP = NO;
				DEBUG_INFORMATION_FORMAT = "dwarf-with-dsym";
				ENABLE_NS_ASSERTIONS = NO;
				ENABLE_STRICT_OBJC_MSGSEND = YES;
				GCC_C_LANGUAGE_STANDARD = gnu11;
				GCC_NO_COMMON_BLOCKS = YES;
				GCC_WARN_64_TO_32_BIT_CONVERSION = YES;
				GCC_WARN_ABOUT_RETURN_TYPE = YES_ERROR;
				GCC_WARN_UNDECLARED_SELECTOR = YES;
				GCC_WARN_UNINITIALIZED_AUTOS = YES_AGGRESSIVE;
				GCC_WARN_UNUSED_FUNCTION = YES;
				GCC_WARN_UNUSED_VARIABLE = YES;
				MTL_ENABLE_DEBUG_INFO = NO;
				MTL_FAST_MATH = YES;
				SDKROOT = iphoneos;
				SWIFT_COMPILATION_MODE = wholemodule;
				SWIFT_OPTIMIZATION_LEVEL = "-O";
				VALIDATE_PRODUCT = YES;
			};
			name = Release;
		};
		B4BED3E9285E79A50052E176 /* Debug */ = {
			isa = XCBuildConfiguration;
			buildSettings = {
				ASSETCATALOG_COMPILER_COMPLICATION_NAME = Complication;
				CODE_SIGN_STYLE = Automatic;
				CURRENT_PROJECT_VERSION = 1;
				DEVELOPMENT_ASSET_PATHS = "\"project5 WatchKit Extension/Preview Content\"";
				DEVELOPMENT_TEAM = LDT5GDB2EQ;
				ENABLE_PREVIEWS = YES;
				GENERATE_INFOPLIST_FILE = YES;
				INFOPLIST_FILE = "project5 WatchKit Extension/Info.plist";
				INFOPLIST_KEY_CFBundleDisplayName = "project5 WatchKit Extension";
				INFOPLIST_KEY_CLKComplicationPrincipalClass = "$(PRODUCT_MODULE_NAME).ComplicationController";
				INFOPLIST_KEY_NSHumanReadableCopyright = "";
				INFOPLIST_KEY_WKWatchOnly = YES;
				LD_RUNPATH_SEARCH_PATHS = (
					"$(inherited)",
					"@executable_path/Frameworks",
					"@executable_path/../../Frameworks",
				);
				MARKETING_VERSION = 1.0;
				PRODUCT_BUNDLE_IDENTIFIER = clintonsbm.project5.watchkitapp.watchkitextension;
				PRODUCT_NAME = "${TARGET_NAME}";
				SDKROOT = watchos;
				SKIP_INSTALL = YES;
				SWIFT_EMIT_LOC_STRINGS = YES;
				SWIFT_VERSION = 5.0;
				TARGETED_DEVICE_FAMILY = 4;
				WATCHOS_DEPLOYMENT_TARGET = 8.5;
			};
			name = Debug;
		};
		B4BED3EA285E79A50052E176 /* Release */ = {
			isa = XCBuildConfiguration;
			buildSettings = {
				ASSETCATALOG_COMPILER_COMPLICATION_NAME = Complication;
				CODE_SIGN_STYLE = Automatic;
				CURRENT_PROJECT_VERSION = 1;
				DEVELOPMENT_ASSET_PATHS = "\"project5 WatchKit Extension/Preview Content\"";
				DEVELOPMENT_TEAM = LDT5GDB2EQ;
				ENABLE_PREVIEWS = YES;
				GENERATE_INFOPLIST_FILE = YES;
				INFOPLIST_FILE = "project5 WatchKit Extension/Info.plist";
				INFOPLIST_KEY_CFBundleDisplayName = "project5 WatchKit Extension";
				INFOPLIST_KEY_CLKComplicationPrincipalClass = "$(PRODUCT_MODULE_NAME).ComplicationController";
				INFOPLIST_KEY_NSHumanReadableCopyright = "";
				INFOPLIST_KEY_WKWatchOnly = YES;
				LD_RUNPATH_SEARCH_PATHS = (
					"$(inherited)",
					"@executable_path/Frameworks",
					"@executable_path/../../Frameworks",
				);
				MARKETING_VERSION = 1.0;
				PRODUCT_BUNDLE_IDENTIFIER = clintonsbm.project5.watchkitapp.watchkitextension;
				PRODUCT_NAME = "${TARGET_NAME}";
				SDKROOT = watchos;
				SKIP_INSTALL = YES;
				SWIFT_EMIT_LOC_STRINGS = YES;
				SWIFT_VERSION = 5.0;
				TARGETED_DEVICE_FAMILY = 4;
				WATCHOS_DEPLOYMENT_TARGET = 8.5;
			};
			name = Release;
		};
		B4BED3ED285E79A50052E176 /* Debug */ = {
			isa = XCBuildConfiguration;
			buildSettings = {
				ALWAYS_EMBED_SWIFT_STANDARD_LIBRARIES = YES;
				ASSETCATALOG_COMPILER_APPICON_NAME = AppIcon;
				ASSETCATALOG_COMPILER_GLOBAL_ACCENT_COLOR_NAME = AccentColor;
				CODE_SIGN_STYLE = Automatic;
				CURRENT_PROJECT_VERSION = 1;
				DEVELOPMENT_TEAM = LDT5GDB2EQ;
				GENERATE_INFOPLIST_FILE = YES;
				IBSC_MODULE = project5_WatchKit_Extension;
				INFOPLIST_KEY_CFBundleDisplayName = "project5 WatchKit App";
				INFOPLIST_KEY_UISupportedInterfaceOrientations = "UIInterfaceOrientationPortrait UIInterfaceOrientationPortraitUpsideDown";
				MARKETING_VERSION = 1.0;
				PRODUCT_BUNDLE_IDENTIFIER = clintonsbm.project5.watchkitapp;
				PRODUCT_NAME = "$(TARGET_NAME)";
				SDKROOT = watchos;
				SKIP_INSTALL = YES;
				SWIFT_EMIT_LOC_STRINGS = YES;
				SWIFT_VERSION = 5.0;
				TARGETED_DEVICE_FAMILY = 4;
				WATCHOS_DEPLOYMENT_TARGET = 8.5;
			};
			name = Debug;
		};
		B4BED3EE285E79A50052E176 /* Release */ = {
			isa = XCBuildConfiguration;
			buildSettings = {
				ALWAYS_EMBED_SWIFT_STANDARD_LIBRARIES = YES;
				ASSETCATALOG_COMPILER_APPICON_NAME = AppIcon;
				ASSETCATALOG_COMPILER_GLOBAL_ACCENT_COLOR_NAME = AccentColor;
				CODE_SIGN_STYLE = Automatic;
				CURRENT_PROJECT_VERSION = 1;
				DEVELOPMENT_TEAM = LDT5GDB2EQ;
				GENERATE_INFOPLIST_FILE = YES;
				IBSC_MODULE = project5_WatchKit_Extension;
				INFOPLIST_KEY_CFBundleDisplayName = "project5 WatchKit App";
				INFOPLIST_KEY_UISupportedInterfaceOrientations = "UIInterfaceOrientationPortrait UIInterfaceOrientationPortraitUpsideDown";
				MARKETING_VERSION = 1.0;
				PRODUCT_BUNDLE_IDENTIFIER = clintonsbm.project5.watchkitapp;
				PRODUCT_NAME = "$(TARGET_NAME)";
				SDKROOT = watchos;
				SKIP_INSTALL = YES;
				SWIFT_EMIT_LOC_STRINGS = YES;
				SWIFT_VERSION = 5.0;
				TARGETED_DEVICE_FAMILY = 4;
				WATCHOS_DEPLOYMENT_TARGET = 8.5;
			};
			name = Release;
		};
		B4BED3F1285E79A50052E176 /* Debug */ = {
			isa = XCBuildConfiguration;
			buildSettings = {
				CODE_SIGN_STYLE = Automatic;
				CURRENT_PROJECT_VERSION = 1;
				DEVELOPMENT_TEAM = LDT5GDB2EQ;
				MARKETING_VERSION = 1.0;
				PRODUCT_BUNDLE_IDENTIFIER = clintonsbm.project5;
				PRODUCT_NAME = "$(TARGET_NAME)";
				SWIFT_VERSION = 5.0;
			};
			name = Debug;
		};
		B4BED3F2285E79A50052E176 /* Release */ = {
			isa = XCBuildConfiguration;
			buildSettings = {
				CODE_SIGN_STYLE = Automatic;
				CURRENT_PROJECT_VERSION = 1;
				DEVELOPMENT_TEAM = LDT5GDB2EQ;
				MARKETING_VERSION = 1.0;
				PRODUCT_BUNDLE_IDENTIFIER = clintonsbm.project5;
				PRODUCT_NAME = "$(TARGET_NAME)";
				SWIFT_VERSION = 5.0;
			};
			name = Release;
		};
/* End XCBuildConfiguration section */

/* Begin XCConfigurationList section */
		B4BED3C3285E79A00052E176 /* Build configuration list for PBXProject "project5" */ = {
			isa = XCConfigurationList;
			buildConfigurations = (
				B4BED3E6285E79A50052E176 /* Debug */,
				B4BED3E7285E79A50052E176 /* Release */,
			);
			defaultConfigurationIsVisible = 0;
			defaultConfigurationName = Release;
		};
		B4BED3E8285E79A50052E176 /* Build configuration list for PBXNativeTarget "project5 WatchKit Extension" */ = {
			isa = XCConfigurationList;
			buildConfigurations = (
				B4BED3E9285E79A50052E176 /* Debug */,
				B4BED3EA285E79A50052E176 /* Release */,
			);
			defaultConfigurationIsVisible = 0;
			defaultConfigurationName = Release;
		};
		B4BED3EC285E79A50052E176 /* Build configuration list for PBXNativeTarget "project5 WatchKit App" */ = {
			isa = XCConfigurationList;
			buildConfigurations = (
				B4BED3ED285E79A50052E176 /* Debug */,
				B4BED3EE285E79A50052E176 /* Release */,
			);
			defaultConfigurationIsVisible = 0;
			defaultConfigurationName = Release;
		};
		B4BED3F0285E79A50052E176 /* Build configuration list for PBXNativeTarget "project5" */ = {
			isa = XCConfigurationList;
			buildConfigurations = (
				B4BED3F1285E79A50052E176 /* Debug */,
				B4BED3F2285E79A50052E176 /* Release */,
			);
			defaultConfigurationIsVisible = 0;
			defaultConfigurationName = Release;
		};
/* End XCConfigurationList section */
	};
	rootObject = B4BED3C0285E79A00052E176 /* Project object */;
}
