// !$*UTF8*$!
{
	archiveVersion = 1;
	classes = {
	};
	objectVersion = 55;
	objects = {

/* Begin PBXBuildFile section */
		BB8C3C3A289880290077CE0F /* Project7 WatchKit App.app in Embed Watch Content */ = {isa = PBXBuildFile; fileRef = BB8C3C39289880290077CE0F /* Project7 WatchKit App.app */; settings = {ATTRIBUTES = (RemoveHeadersOnCopy, ); }; };
		BB8C3C3F2898802B0077CE0F /* Assets.xcassets in Resources */ = {isa = PBXBuildFile; fileRef = BB8C3C3E2898802B0077CE0F /* Assets.xcassets */; };
		BB8C3C452898802B0077CE0F /* Project7 WatchKit Extension.appex in Embed App Extensions */ = {isa = PBXBuildFile; fileRef = BB8C3C442898802B0077CE0F /* Project7 WatchKit Extension.appex */; settings = {ATTRIBUTES = (RemoveHeadersOnCopy, ); }; };
		BB8C3C4A2898802B0077CE0F /* Project7App.swift in Sources */ = {isa = PBXBuildFile; fileRef = BB8C3C492898802B0077CE0F /* Project7App.swift */; };
		BB8C3C4C2898802B0077CE0F /* ContentView.swift in Sources */ = {isa = PBXBuildFile; fileRef = BB8C3C4B2898802B0077CE0F /* ContentView.swift */; };
		BB8C3C4E2898802B0077CE0F /* NotificationController.swift in Sources */ = {isa = PBXBuildFile; fileRef = BB8C3C4D2898802B0077CE0F /* NotificationController.swift */; };
		BB8C3C502898802B0077CE0F /* NotificationView.swift in Sources */ = {isa = PBXBuildFile; fileRef = BB8C3C4F2898802B0077CE0F /* NotificationView.swift */; };
		BB8C3C522898802B0077CE0F /* ComplicationController.swift in Sources */ = {isa = PBXBuildFile; fileRef = BB8C3C512898802B0077CE0F /* ComplicationController.swift */; };
		BB8C3C542898802C0077CE0F /* Assets.xcassets in Resources */ = {isa = PBXBuildFile; fileRef = BB8C3C532898802C0077CE0F /* Assets.xcassets */; };
		BB8C3C572898802C0077CE0F /* Preview Assets.xcassets in Resources */ = {isa = PBXBuildFile; fileRef = BB8C3C562898802C0077CE0F /* Preview Assets.xcassets */; };
/* End PBXBuildFile section */

/* Begin PBXContainerItemProxy section */
		BB8C3C3B289880290077CE0F /* PBXContainerItemProxy */ = {
			isa = PBXContainerItemProxy;
			containerPortal = BB8C3C2F289880290077CE0F /* Project object */;
			proxyType = 1;
			remoteGlobalIDString = BB8C3C38289880290077CE0F;
			remoteInfo = "Project7 WatchKit App";
		};
		BB8C3C462898802B0077CE0F /* PBXContainerItemProxy */ = {
			isa = PBXContainerItemProxy;
			containerPortal = BB8C3C2F289880290077CE0F /* Project object */;
			proxyType = 1;
			remoteGlobalIDString = BB8C3C432898802B0077CE0F;
			remoteInfo = "Project7 WatchKit Extension";
		};
/* End PBXContainerItemProxy section */

/* Begin PBXCopyFilesBuildPhase section */
		BB8C3C5F2898802C0077CE0F /* Embed App Extensions */ = {
			isa = PBXCopyFilesBuildPhase;
			buildActionMask = 2147483647;
			dstPath = "";
			dstSubfolderSpec = 13;
			files = (
				BB8C3C452898802B0077CE0F /* Project7 WatchKit Extension.appex in Embed App Extensions */,
			);
			name = "Embed App Extensions";
			runOnlyForDeploymentPostprocessing = 0;
		};
		BB8C3C632898802C0077CE0F /* Embed Watch Content */ = {
			isa = PBXCopyFilesBuildPhase;
			buildActionMask = 2147483647;
			dstPath = "$(CONTENTS_FOLDER_PATH)/Watch";
			dstSubfolderSpec = 16;
			files = (
				BB8C3C3A289880290077CE0F /* Project7 WatchKit App.app in Embed Watch Content */,
			);
			name = "Embed Watch Content";
			runOnlyForDeploymentPostprocessing = 0;
		};
/* End PBXCopyFilesBuildPhase section */

/* Begin PBXFileReference section */
		BB8C3C35289880290077CE0F /* Project7.app */ = {isa = PBXFileReference; explicitFileType = wrapper.application; includeInIndex = 0; path = Project7.app; sourceTree = BUILT_PRODUCTS_DIR; };
		BB8C3C39289880290077CE0F /* Project7 WatchKit App.app */ = {isa = PBXFileReference; explicitFileType = wrapper.application; includeInIndex = 0; path = "Project7 WatchKit App.app"; sourceTree = BUILT_PRODUCTS_DIR; };
		BB8C3C3E2898802B0077CE0F /* Assets.xcassets */ = {isa = PBXFileReference; lastKnownFileType = folder.assetcatalog; path = Assets.xcassets; sourceTree = "<group>"; };
		BB8C3C442898802B0077CE0F /* Project7 WatchKit Extension.appex */ = {isa = PBXFileReference; explicitFileType = "wrapper.app-extension"; includeInIndex = 0; path = "Project7 WatchKit Extension.appex"; sourceTree = BUILT_PRODUCTS_DIR; };
		BB8C3C492898802B0077CE0F /* Project7App.swift */ = {isa = PBXFileReference; lastKnownFileType = sourcecode.swift; path = Project7App.swift; sourceTree = "<group>"; };
		BB8C3C4B2898802B0077CE0F /* ContentView.swift */ = {isa = PBXFileReference; lastKnownFileType = sourcecode.swift; path = ContentView.swift; sourceTree = "<group>"; };
		BB8C3C4D2898802B0077CE0F /* NotificationController.swift */ = {isa = PBXFileReference; lastKnownFileType = sourcecode.swift; path = NotificationController.swift; sourceTree = "<group>"; };
		BB8C3C4F2898802B0077CE0F /* NotificationView.swift */ = {isa = PBXFileReference; lastKnownFileType = sourcecode.swift; path = NotificationView.swift; sourceTree = "<group>"; };
		BB8C3C512898802B0077CE0F /* ComplicationController.swift */ = {isa = PBXFileReference; lastKnownFileType = sourcecode.swift; path = ComplicationController.swift; sourceTree = "<group>"; };
		BB8C3C532898802C0077CE0F /* Assets.xcassets */ = {isa = PBXFileReference; lastKnownFileType = folder.assetcatalog; path = Assets.xcassets; sourceTree = "<group>"; };
		BB8C3C562898802C0077CE0F /* Preview Assets.xcassets */ = {isa = PBXFileReference; lastKnownFileType = folder.assetcatalog; path = "Preview Assets.xcassets"; sourceTree = "<group>"; };
		BB8C3C582898802C0077CE0F /* Info.plist */ = {isa = PBXFileReference; lastKnownFileType = text.plist.xml; path = Info.plist; sourceTree = "<group>"; };
		BB8C3C592898802C0077CE0F /* PushNotificationPayload.apns */ = {isa = PBXFileReference; lastKnownFileType = text; path = PushNotificationPayload.apns; sourceTree = "<group>"; };
/* End PBXFileReference section */

/* Begin PBXFrameworksBuildPhase section */
		BB8C3C412898802B0077CE0F /* Frameworks */ = {
			isa = PBXFrameworksBuildPhase;
			buildActionMask = 2147483647;
			files = (
			);
			runOnlyForDeploymentPostprocessing = 0;
		};
/* End PBXFrameworksBuildPhase section */

/* Begin PBXGroup section */
		BB8C3C2E289880290077CE0F = {
			isa = PBXGroup;
			children = (
				BB8C3C3D289880290077CE0F /* Project7 WatchKit App */,
				BB8C3C482898802B0077CE0F /* Project7 WatchKit Extension */,
				BB8C3C36289880290077CE0F /* Products */,
			);
			sourceTree = "<group>";
		};
		BB8C3C36289880290077CE0F /* Products */ = {
			isa = PBXGroup;
			children = (
				BB8C3C35289880290077CE0F /* Project7.app */,
				BB8C3C39289880290077CE0F /* Project7 WatchKit App.app */,
				BB8C3C442898802B0077CE0F /* Project7 WatchKit Extension.appex */,
			);
			name = Products;
			sourceTree = "<group>";
		};
		BB8C3C3D289880290077CE0F /* Project7 WatchKit App */ = {
			isa = PBXGroup;
			children = (
				BB8C3C3E2898802B0077CE0F /* Assets.xcassets */,
			);
			path = "Project7 WatchKit App";
			sourceTree = "<group>";
		};
		BB8C3C482898802B0077CE0F /* Project7 WatchKit Extension */ = {
			isa = PBXGroup;
			children = (
				BB8C3C492898802B0077CE0F /* Project7App.swift */,
				BB8C3C4B2898802B0077CE0F /* ContentView.swift */,
				BB8C3C4D2898802B0077CE0F /* NotificationController.swift */,
				BB8C3C4F2898802B0077CE0F /* NotificationView.swift */,
				BB8C3C512898802B0077CE0F /* ComplicationController.swift */,
				BB8C3C532898802C0077CE0F /* Assets.xcassets */,
				BB8C3C582898802C0077CE0F /* Info.plist */,
				BB8C3C592898802C0077CE0F /* PushNotificationPayload.apns */,
				BB8C3C552898802C0077CE0F /* Preview Content */,
			);
			path = "Project7 WatchKit Extension";
			sourceTree = "<group>";
		};
		BB8C3C552898802C0077CE0F /* Preview Content */ = {
			isa = PBXGroup;
			children = (
				BB8C3C562898802C0077CE0F /* Preview Assets.xcassets */,
			);
			path = "Preview Content";
			sourceTree = "<group>";
		};
/* End PBXGroup section */

/* Begin PBXNativeTarget section */
		BB8C3C34289880290077CE0F /* Project7 */ = {
			isa = PBXNativeTarget;
			buildConfigurationList = BB8C3C642898802C0077CE0F /* Build configuration list for PBXNativeTarget "Project7" */;
			buildPhases = (
				BB8C3C33289880290077CE0F /* Resources */,
				BB8C3C632898802C0077CE0F /* Embed Watch Content */,
			);
			buildRules = (
			);
			dependencies = (
				BB8C3C3C289880290077CE0F /* PBXTargetDependency */,
			);
			name = Project7;
			productName = Project7;
			productReference = BB8C3C35289880290077CE0F /* Project7.app */;
			productType = "com.apple.product-type.application.watchapp2-container";
		};
		BB8C3C38289880290077CE0F /* Project7 WatchKit App */ = {
			isa = PBXNativeTarget;
			buildConfigurationList = BB8C3C602898802C0077CE0F /* Build configuration list for PBXNativeTarget "Project7 WatchKit App" */;
			buildPhases = (
				BB8C3C37289880290077CE0F /* Resources */,
				BB8C3C5F2898802C0077CE0F /* Embed App Extensions */,
			);
			buildRules = (
			);
			dependencies = (
				BB8C3C472898802B0077CE0F /* PBXTargetDependency */,
			);
			name = "Project7 WatchKit App";
			productName = "Project7 WatchKit App";
			productReference = BB8C3C39289880290077CE0F /* Project7 WatchKit App.app */;
			productType = "com.apple.product-type.application.watchapp2";
		};
		BB8C3C432898802B0077CE0F /* Project7 WatchKit Extension */ = {
			isa = PBXNativeTarget;
			buildConfigurationList = BB8C3C5C2898802C0077CE0F /* Build configuration list for PBXNativeTarget "Project7 WatchKit Extension" */;
			buildPhases = (
				BB8C3C402898802B0077CE0F /* Sources */,
				BB8C3C412898802B0077CE0F /* Frameworks */,
				BB8C3C422898802B0077CE0F /* Resources */,
			);
			buildRules = (
			);
			dependencies = (
			);
			name = "Project7 WatchKit Extension";
			productName = "Project7 WatchKit Extension";
			productReference = BB8C3C442898802B0077CE0F /* Project7 WatchKit Extension.appex */;
			productType = "com.apple.product-type.watchkit2-extension";
		};
/* End PBXNativeTarget section */

/* Begin PBXProject section */
		BB8C3C2F289880290077CE0F /* Project object */ = {
			isa = PBXProject;
			attributes = {
				BuildIndependentTargetsInParallel = 1;
				LastSwiftUpdateCheck = 1340;
				LastUpgradeCheck = 1340;
				TargetAttributes = {
					BB8C3C34289880290077CE0F = {
						CreatedOnToolsVersion = 13.4.1;
					};
					BB8C3C38289880290077CE0F = {
						CreatedOnToolsVersion = 13.4.1;
					};
					BB8C3C432898802B0077CE0F = {
						CreatedOnToolsVersion = 13.4.1;
					};
				};
			};
			buildConfigurationList = BB8C3C32289880290077CE0F /* Build configuration list for PBXProject "Project7" */;
			compatibilityVersion = "Xcode 13.0";
			developmentRegion = en;
			hasScannedForEncodings = 0;
			knownRegions = (
				en,
				Base,
			);
			mainGroup = BB8C3C2E289880290077CE0F;
			productRefGroup = BB8C3C36289880290077CE0F /* Products */;
			projectDirPath = "";
			projectRoot = "";
			targets = (
				BB8C3C34289880290077CE0F /* Project7 */,
				BB8C3C38289880290077CE0F /* Project7 WatchKit App */,
				BB8C3C432898802B0077CE0F /* Project7 WatchKit Extension */,
			);
		};
/* End PBXProject section */

/* Begin PBXResourcesBuildPhase section */
		BB8C3C33289880290077CE0F /* Resources */ = {
			isa = PBXResourcesBuildPhase;
			buildActionMask = 2147483647;
			files = (
			);
			runOnlyForDeploymentPostprocessing = 0;
		};
		BB8C3C37289880290077CE0F /* Resources */ = {
			isa = PBXResourcesBuildPhase;
			buildActionMask = 2147483647;
			files = (
				BB8C3C3F2898802B0077CE0F /* Assets.xcassets in Resources */,
			);
			runOnlyForDeploymentPostprocessing = 0;
		};
		BB8C3C422898802B0077CE0F /* Resources */ = {
			isa = PBXResourcesBuildPhase;
			buildActionMask = 2147483647;
			files = (
				BB8C3C572898802C0077CE0F /* Preview Assets.xcassets in Resources */,
				BB8C3C542898802C0077CE0F /* Assets.xcassets in Resources */,
			);
			runOnlyForDeploymentPostprocessing = 0;
		};
/* End PBXResourcesBuildPhase section */

/* Begin PBXSourcesBuildPhase section */
		BB8C3C402898802B0077CE0F /* Sources */ = {
			isa = PBXSourcesBuildPhase;
			buildActionMask = 2147483647;
			files = (
				BB8C3C4E2898802B0077CE0F /* NotificationController.swift in Sources */,
				BB8C3C4C2898802B0077CE0F /* ContentView.swift in Sources */,
				BB8C3C522898802B0077CE0F /* ComplicationController.swift in Sources */,
				BB8C3C4A2898802B0077CE0F /* Project7App.swift in Sources */,
				BB8C3C502898802B0077CE0F /* NotificationView.swift in Sources */,
			);
			runOnlyForDeploymentPostprocessing = 0;
		};
/* End PBXSourcesBuildPhase section */

/* Begin PBXTargetDependency section */
		BB8C3C3C289880290077CE0F /* PBXTargetDependency */ = {
			isa = PBXTargetDependency;
			target = BB8C3C38289880290077CE0F /* Project7 WatchKit App */;
			targetProxy = BB8C3C3B289880290077CE0F /* PBXContainerItemProxy */;
		};
		BB8C3C472898802B0077CE0F /* PBXTargetDependency */ = {
			isa = PBXTargetDependency;
			target = BB8C3C432898802B0077CE0F /* Project7 WatchKit Extension */;
			targetProxy = BB8C3C462898802B0077CE0F /* PBXContainerItemProxy */;
		};
/* End PBXTargetDependency section */

/* Begin XCBuildConfiguration section */
		BB8C3C5A2898802C0077CE0F /* Debug */ = {
			isa = XCBuildConfiguration;
			buildSettings = {
				ALWAYS_SEARCH_USER_PATHS = NO;
				CLANG_ANALYZER_NONNULL = YES;
				CLANG_ANALYZER_NUMBER_OBJECT_CONVERSION = YES_AGGRESSIVE;
				CLANG_CXX_LANGUAGE_STANDARD = "gnu++17";
				CLANG_ENABLE_MODULES = YES;
				CLANG_ENABLE_OBJC_ARC = YES;
				CLANG_ENABLE_OBJC_WEAK = YES;
				CLANG_WARN_BLOCK_CAPTURE_AUTORELEASING = YES;
				CLANG_WARN_BOOL_CONVERSION = YES;
				CLANG_WARN_COMMA = YES;
				CLANG_WARN_CONSTANT_CONVERSION = YES;
				CLANG_WARN_DEPRECATED_OBJC_IMPLEMENTATIONS = YES;
				CLANG_WARN_DIRECT_OBJC_ISA_USAGE = YES_ERROR;
				CLANG_WARN_DOCUMENTATION_COMMENTS = YES;
				CLANG_WARN_EMPTY_BODY = YES;
				CLANG_WARN_ENUM_CONVERSION = YES;
				CLANG_WARN_INFINITE_RECURSION = YES;
				CLANG_WARN_INT_CONVERSION = YES;
				CLANG_WARN_NON_LITERAL_NULL_CONVERSION = YES;
				CLANG_WARN_OBJC_IMPLICIT_RETAIN_SELF = YES;
				CLANG_WARN_OBJC_LITERAL_CONVERSION = YES;
				CLANG_WARN_OBJC_ROOT_CLASS = YES_ERROR;
				CLANG_WARN_QUOTED_INCLUDE_IN_FRAMEWORK_HEADER = YES;
				CLANG_WARN_RANGE_LOOP_ANALYSIS = YES;
				CLANG_WARN_STRICT_PROTOTYPES = YES;
				CLANG_WARN_SUSPICIOUS_MOVE = YES;
				CLANG_WARN_UNGUARDED_AVAILABILITY = YES_AGGRESSIVE;
				CLANG_WARN_UNREACHABLE_CODE = YES;
				CLANG_WARN__DUPLICATE_METHOD_MATCH = YES;
				COPY_PHASE_STRIP = NO;
				DEBUG_INFORMATION_FORMAT = dwarf;
				ENABLE_STRICT_OBJC_MSGSEND = YES;
				ENABLE_TESTABILITY = YES;
				GCC_C_LANGUAGE_STANDARD = gnu11;
				GCC_DYNAMIC_NO_PIC = NO;
				GCC_NO_COMMON_BLOCKS = YES;
				GCC_OPTIMIZATION_LEVEL = 0;
				GCC_PREPROCESSOR_DEFINITIONS = (
					"DEBUG=1",
					"$(inherited)",
				);
				GCC_WARN_64_TO_32_BIT_CONVERSION = YES;
				GCC_WARN_ABOUT_RETURN_TYPE = YES_ERROR;
				GCC_WARN_UNDECLARED_SELECTOR = YES;
				GCC_WARN_UNINITIALIZED_AUTOS = YES_AGGRESSIVE;
				GCC_WARN_UNUSED_FUNCTION = YES;
				GCC_WARN_UNUSED_VARIABLE = YES;
				MTL_ENABLE_DEBUG_INFO = INCLUDE_SOURCE;
				MTL_FAST_MATH = YES;
				ONLY_ACTIVE_ARCH = YES;
				SDKROOT = iphoneos;
				SWIFT_ACTIVE_COMPILATION_CONDITIONS = DEBUG;
				SWIFT_OPTIMIZATION_LEVEL = "-Onone";
			};
			name = Debug;
		};
		BB8C3C5B2898802C0077CE0F /* Release */ = {
			isa = XCBuildConfiguration;
			buildSettings = {
				ALWAYS_SEARCH_USER_PATHS = NO;
				CLANG_ANALYZER_NONNULL = YES;
				CLANG_ANALYZER_NUMBER_OBJECT_CONVERSION = YES_AGGRESSIVE;
				CLANG_CXX_LANGUAGE_STANDARD = "gnu++17";
				CLANG_ENABLE_MODULES = YES;
				CLANG_ENABLE_OBJC_ARC = YES;
				CLANG_ENABLE_OBJC_WEAK = YES;
				CLANG_WARN_BLOCK_CAPTURE_AUTORELEASING = YES;
				CLANG_WARN_BOOL_CONVERSION = YES;
				CLANG_WARN_COMMA = YES;
				CLANG_WARN_CONSTANT_CONVERSION = YES;
				CLANG_WARN_DEPRECATED_OBJC_IMPLEMENTATIONS = YES;
				CLANG_WARN_DIRECT_OBJC_ISA_USAGE = YES_ERROR;
				CLANG_WARN_DOCUMENTATION_COMMENTS = YES;
				CLANG_WARN_EMPTY_BODY = YES;
				CLANG_WARN_ENUM_CONVERSION = YES;
				CLANG_WARN_INFINITE_RECURSION = YES;
				CLANG_WARN_INT_CONVERSION = YES;
				CLANG_WARN_NON_LITERAL_NULL_CONVERSION = YES;
				CLANG_WARN_OBJC_IMPLICIT_RETAIN_SELF = YES;
				CLANG_WARN_OBJC_LITERAL_CONVERSION = YES;
				CLANG_WARN_OBJC_ROOT_CLASS = YES_ERROR;
				CLANG_WARN_QUOTED_INCLUDE_IN_FRAMEWORK_HEADER = YES;
				CLANG_WARN_RANGE_LOOP_ANALYSIS = YES;
				CLANG_WARN_STRICT_PROTOTYPES = YES;
				CLANG_WARN_SUSPICIOUS_MOVE = YES;
				CLANG_WARN_UNGUARDED_AVAILABILITY = YES_AGGRESSIVE;
				CLANG_WARN_UNREACHABLE_CODE = YES;
				CLANG_WARN__DUPLICATE_METHOD_MATCH = YES;
				COPY_PHASE_STRIP = NO;
				DEBUG_INFORMATION_FORMAT = "dwarf-with-dsym";
				ENABLE_NS_ASSERTIONS = NO;
				ENABLE_STRICT_OBJC_MSGSEND = YES;
				GCC_C_LANGUAGE_STANDARD = gnu11;
				GCC_NO_COMMON_BLOCKS = YES;
				GCC_WARN_64_TO_32_BIT_CONVERSION = YES;
				GCC_WARN_ABOUT_RETURN_TYPE = YES_ERROR;
				GCC_WARN_UNDECLARED_SELECTOR = YES;
				GCC_WARN_UNINITIALIZED_AUTOS = YES_AGGRESSIVE;
				GCC_WARN_UNUSED_FUNCTION = YES;
				GCC_WARN_UNUSED_VARIABLE = YES;
				MTL_ENABLE_DEBUG_INFO = NO;
				MTL_FAST_MATH = YES;
				SDKROOT = iphoneos;
				SWIFT_COMPILATION_MODE = wholemodule;
				SWIFT_OPTIMIZATION_LEVEL = "-O";
				VALIDATE_PRODUCT = YES;
			};
			name = Release;
		};
		BB8C3C5D2898802C0077CE0F /* Debug */ = {
			isa = XCBuildConfiguration;
			buildSettings = {
				ASSETCATALOG_COMPILER_COMPLICATION_NAME = Complication;
				CODE_SIGN_STYLE = Automatic;
				CURRENT_PROJECT_VERSION = 1;
				DEVELOPMENT_ASSET_PATHS = "\"Project7 WatchKit Extension/Preview Content\"";
				DEVELOPMENT_TEAM = LDT5GDB2EQ;
				ENABLE_PREVIEWS = YES;
				GENERATE_INFOPLIST_FILE = YES;
				INFOPLIST_FILE = "Project7 WatchKit Extension/Info.plist";
				INFOPLIST_KEY_CFBundleDisplayName = "Project7 WatchKit Extension";
				INFOPLIST_KEY_CLKComplicationPrincipalClass = "$(PRODUCT_MODULE_NAME).ComplicationController";
				INFOPLIST_KEY_NSHumanReadableCopyright = "";
				INFOPLIST_KEY_WKWatchOnly = YES;
				LD_RUNPATH_SEARCH_PATHS = (
					"$(inherited)",
					"@executable_path/Frameworks",
					"@executable_path/../../Frameworks",
				);
				MARKETING_VERSION = 1.0;
				PRODUCT_BUNDLE_IDENTIFIER = clintonsbm.Project7.watchkitapp.watchkitextension;
				PRODUCT_NAME = "${TARGET_NAME}";
				SDKROOT = watchos;
				SKIP_INSTALL = YES;
				SWIFT_EMIT_LOC_STRINGS = YES;
				SWIFT_VERSION = 5.0;
				TARGETED_DEVICE_FAMILY = 4;
				WATCHOS_DEPLOYMENT_TARGET = 8.5;
			};
			name = Debug;
		};
		BB8C3C5E2898802C0077CE0F /* Release */ = {
			isa = XCBuildConfiguration;
			buildSettings = {
				ASSETCATALOG_COMPILER_COMPLICATION_NAME = Complication;
				CODE_SIGN_STYLE = Automatic;
				CURRENT_PROJECT_VERSION = 1;
				DEVELOPMENT_ASSET_PATHS = "\"Project7 WatchKit Extension/Preview Content\"";
				DEVELOPMENT_TEAM = LDT5GDB2EQ;
				ENABLE_PREVIEWS = YES;
				GENERATE_INFOPLIST_FILE = YES;
				INFOPLIST_FILE = "Project7 WatchKit Extension/Info.plist";
				INFOPLIST_KEY_CFBundleDisplayName = "Project7 WatchKit Extension";
				INFOPLIST_KEY_CLKComplicationPrincipalClass = "$(PRODUCT_MODULE_NAME).ComplicationController";
				INFOPLIST_KEY_NSHumanReadableCopyright = "";
				INFOPLIST_KEY_WKWatchOnly = YES;
				LD_RUNPATH_SEARCH_PATHS = (
					"$(inherited)",
					"@executable_path/Frameworks",
					"@executable_path/../../Frameworks",
				);
				MARKETING_VERSION = 1.0;
				PRODUCT_BUNDLE_IDENTIFIER = clintonsbm.Project7.watchkitapp.watchkitextension;
				PRODUCT_NAME = "${TARGET_NAME}";
				SDKROOT = watchos;
				SKIP_INSTALL = YES;
				SWIFT_EMIT_LOC_STRINGS = YES;
				SWIFT_VERSION = 5.0;
				TARGETED_DEVICE_FAMILY = 4;
				WATCHOS_DEPLOYMENT_TARGET = 8.5;
			};
			name = Release;
		};
		BB8C3C612898802C0077CE0F /* Debug */ = {
			isa = XCBuildConfiguration;
			buildSettings = {
				ALWAYS_EMBED_SWIFT_STANDARD_LIBRARIES = YES;
				ASSETCATALOG_COMPILER_APPICON_NAME = AppIcon;
				ASSETCATALOG_COMPILER_GLOBAL_ACCENT_COLOR_NAME = AccentColor;
				CODE_SIGN_STYLE = Automatic;
				CURRENT_PROJECT_VERSION = 1;
				DEVELOPMENT_TEAM = LDT5GDB2EQ;
				GENERATE_INFOPLIST_FILE = YES;
				IBSC_MODULE = Project7_WatchKit_Extension;
				INFOPLIST_KEY_CFBundleDisplayName = "Project7 WatchKit App";
				INFOPLIST_KEY_UISupportedInterfaceOrientations = "UIInterfaceOrientationPortrait UIInterfaceOrientationPortraitUpsideDown";
				MARKETING_VERSION = 1.0;
				PRODUCT_BUNDLE_IDENTIFIER = clintonsbm.Project7.watchkitapp;
				PRODUCT_NAME = "$(TARGET_NAME)";
				SDKROOT = watchos;
				SKIP_INSTALL = YES;
				SWIFT_EMIT_LOC_STRINGS = YES;
				SWIFT_VERSION = 5.0;
				TARGETED_DEVICE_FAMILY = 4;
				WATCHOS_DEPLOYMENT_TARGET = 8.5;
			};
			name = Debug;
		};
		BB8C3C622898802C0077CE0F /* Release */ = {
			isa = XCBuildConfiguration;
			buildSettings = {
				ALWAYS_EMBED_SWIFT_STANDARD_LIBRARIES = YES;
				ASSETCATALOG_COMPILER_APPICON_NAME = AppIcon;
				ASSETCATALOG_COMPILER_GLOBAL_ACCENT_COLOR_NAME = AccentColor;
				CODE_SIGN_STYLE = Automatic;
				CURRENT_PROJECT_VERSION = 1;
				DEVELOPMENT_TEAM = LDT5GDB2EQ;
				GENERATE_INFOPLIST_FILE = YES;
				IBSC_MODULE = Project7_WatchKit_Extension;
				INFOPLIST_KEY_CFBundleDisplayName = "Project7 WatchKit App";
				INFOPLIST_KEY_UISupportedInterfaceOrientations = "UIInterfaceOrientationPortrait UIInterfaceOrientationPortraitUpsideDown";
				MARKETING_VERSION = 1.0;
				PRODUCT_BUNDLE_IDENTIFIER = clintonsbm.Project7.watchkitapp;
				PRODUCT_NAME = "$(TARGET_NAME)";
				SDKROOT = watchos;
				SKIP_INSTALL = YES;
				SWIFT_EMIT_LOC_STRINGS = YES;
				SWIFT_VERSION = 5.0;
				TARGETED_DEVICE_FAMILY = 4;
				WATCHOS_DEPLOYMENT_TARGET = 8.5;
			};
			name = Release;
		};
		BB8C3C652898802C0077CE0F /* Debug */ = {
			isa = XCBuildConfiguration;
			buildSettings = {
				CODE_SIGN_STYLE = Automatic;
				CURRENT_PROJECT_VERSION = 1;
				DEVELOPMENT_TEAM = LDT5GDB2EQ;
				MARKETING_VERSION = 1.0;
				PRODUCT_BUNDLE_IDENTIFIER = clintonsbm.Project7;
				PRODUCT_NAME = "$(TARGET_NAME)";
				SWIFT_VERSION = 5.0;
			};
			name = Debug;
		};
		BB8C3C662898802C0077CE0F /* Release */ = {
			isa = XCBuildConfiguration;
			buildSettings = {
				CODE_SIGN_STYLE = Automatic;
				CURRENT_PROJECT_VERSION = 1;
				DEVELOPMENT_TEAM = LDT5GDB2EQ;
				MARKETING_VERSION = 1.0;
				PRODUCT_BUNDLE_IDENTIFIER = clintonsbm.Project7;
				PRODUCT_NAME = "$(TARGET_NAME)";
				SWIFT_VERSION = 5.0;
			};
			name = Release;
		};
/* End XCBuildConfiguration section */

/* Begin XCConfigurationList section */
		BB8C3C32289880290077CE0F /* Build configuration list for PBXProject "Project7" */ = {
			isa = XCConfigurationList;
			buildConfigurations = (
				BB8C3C5A2898802C0077CE0F /* Debug */,
				BB8C3C5B2898802C0077CE0F /* Release */,
			);
			defaultConfigurationIsVisible = 0;
			defaultConfigurationName = Release;
		};
		BB8C3C5C2898802C0077CE0F /* Build configuration list for PBXNativeTarget "Project7 WatchKit Extension" */ = {
			isa = XCConfigurationList;
			buildConfigurations = (
				BB8C3C5D2898802C0077CE0F /* Debug */,
				BB8C3C5E2898802C0077CE0F /* Release */,
			);
			defaultConfigurationIsVisible = 0;
			defaultConfigurationName = Release;
		};
		BB8C3C602898802C0077CE0F /* Build configuration list for PBXNativeTarget "Project7 WatchKit App" */ = {
			isa = XCConfigurationList;
			buildConfigurations = (
				BB8C3C612898802C0077CE0F /* Debug */,
				BB8C3C622898802C0077CE0F /* Release */,
			);
			defaultConfigurationIsVisible = 0;
			defaultConfigurationName = Release;
		};
		BB8C3C642898802C0077CE0F /* Build configuration list for PBXNativeTarget "Project7" */ = {
			isa = XCConfigurationList;
			buildConfigurations = (
				BB8C3C652898802C0077CE0F /* Debug */,
				BB8C3C662898802C0077CE0F /* Release */,
			);
			defaultConfigurationIsVisible = 0;
			defaultConfigurationName = Release;
		};
/* End XCConfigurationList section */
	};
	rootObject = BB8C3C2F289880290077CE0F /* Project object */;
}
