// !$*UTF8*$!
{
	archiveVersion = 1;
	classes = {
	};
	objectVersion = 55;
	objects = {

/* Begin PBXBuildFile section */
		BB8E874F28920435003CA181 /* Project6 WatchKit App.app in Embed Watch Content */ = {isa = PBXBuildFile; fileRef = BB8E874E28920435003CA181 /* Project6 WatchKit App.app */; settings = {ATTRIBUTES = (RemoveHeadersOnCopy, ); }; };
		BB8E875428920437003CA181 /* Assets.xcassets in Resources */ = {isa = PBXBuildFile; fileRef = BB8E875328920437003CA181 /* Assets.xcassets */; };
		BB8E875A28920437003CA181 /* Project6 WatchKit Extension.appex in Embed App Extensions */ = {isa = PBXBuildFile; fileRef = BB8E875928920437003CA181 /* Project6 WatchKit Extension.appex */; settings = {ATTRIBUTES = (RemoveHeadersOnCopy, ); }; };
		BB8E875F28920437003CA181 /* ContentView.swift in Sources */ = {isa = PBXBuildFile; fileRef = BB8E875E28920437003CA181 /* ContentView.swift */; };
		BB8E876128920437003CA181 /* Project6App.swift in Sources */ = {isa = PBXBuildFile; fileRef = BB8E876028920437003CA181 /* Project6App.swift */; };
		BB8E876328920437003CA181 /* ComplicationController.swift in Sources */ = {isa = PBXBuildFile; fileRef = BB8E876228920437003CA181 /* ComplicationController.swift */; };
		BB8E876528920438003CA181 /* Assets.xcassets in Resources */ = {isa = PBXBuildFile; fileRef = BB8E876428920438003CA181 /* Assets.xcassets */; };
		BB8E876828920438003CA181 /* Preview Assets.xcassets in Resources */ = {isa = PBXBuildFile; fileRef = BB8E876728920438003CA181 /* Preview Assets.xcassets */; };
/* End PBXBuildFile section */

/* Begin PBXContainerItemProxy section */
		BB8E875028920435003CA181 /* PBXContainerItemProxy */ = {
			isa = PBXContainerItemProxy;
			containerPortal = BB8E874428920435003CA181 /* Project object */;
			proxyType = 1;
			remoteGlobalIDString = BB8E874D28920435003CA181;
			remoteInfo = "Project6 WatchKit App";
		};
		BB8E875B28920437003CA181 /* PBXContainerItemProxy */ = {
			isa = PBXContainerItemProxy;
			containerPortal = BB8E874428920435003CA181 /* Project object */;
			proxyType = 1;
			remoteGlobalIDString = BB8E875828920437003CA181;
			remoteInfo = "Project6 WatchKit Extension";
		};
/* End PBXContainerItemProxy section */

/* Begin PBXCopyFilesBuildPhase section */
		BB8E876F28920438003CA181 /* Embed App Extensions */ = {
			isa = PBXCopyFilesBuildPhase;
			buildActionMask = 2147483647;
			dstPath = "";
			dstSubfolderSpec = 13;
			files = (
				BB8E875A28920437003CA181 /* Project6 WatchKit Extension.appex in Embed App Extensions */,
			);
			name = "Embed App Extensions";
			runOnlyForDeploymentPostprocessing = 0;
		};
		BB8E877328920438003CA181 /* Embed Watch Content */ = {
			isa = PBXCopyFilesBuildPhase;
			buildActionMask = 2147483647;
			dstPath = "$(CONTENTS_FOLDER_PATH)/Watch";
			dstSubfolderSpec = 16;
			files = (
				BB8E874F28920435003CA181 /* Project6 WatchKit App.app in Embed Watch Content */,
			);
			name = "Embed Watch Content";
			runOnlyForDeploymentPostprocessing = 0;
		};
/* End PBXCopyFilesBuildPhase section */

/* Begin PBXFileReference section */
		BB8E874A28920435003CA181 /* Project6.app */ = {isa = PBXFileReference; explicitFileType = wrapper.application; includeInIndex = 0; path = Project6.app; sourceTree = BUILT_PRODUCTS_DIR; };
		BB8E874E28920435003CA181 /* Project6 WatchKit App.app */ = {isa = PBXFileReference; explicitFileType = wrapper.application; includeInIndex = 0; path = "Project6 WatchKit App.app"; sourceTree = BUILT_PRODUCTS_DIR; };
		BB8E875328920437003CA181 /* Assets.xcassets */ = {isa = PBXFileReference; lastKnownFileType = folder.assetcatalog; path = Assets.xcassets; sourceTree = "<group>"; };
		BB8E875928920437003CA181 /* Project6 WatchKit Extension.appex */ = {isa = PBXFileReference; explicitFileType = "wrapper.app-extension"; includeInIndex = 0; path = "Project6 WatchKit Extension.appex"; sourceTree = BUILT_PRODUCTS_DIR; };
		BB8E875E28920437003CA181 /* ContentView.swift */ = {isa = PBXFileReference; lastKnownFileType = sourcecode.swift; path = ContentView.swift; sourceTree = "<group>"; };
		BB8E876028920437003CA181 /* Project6App.swift */ = {isa = PBXFileReference; lastKnownFileType = sourcecode.swift; path = Project6App.swift; sourceTree = "<group>"; };
		BB8E876228920437003CA181 /* ComplicationController.swift */ = {isa = PBXFileReference; lastKnownFileType = sourcecode.swift; path = ComplicationController.swift; sourceTree = "<group>"; };
		BB8E876428920438003CA181 /* Assets.xcassets */ = {isa = PBXFileReference; lastKnownFileType = folder.assetcatalog; path = Assets.xcassets; sourceTree = "<group>"; };
		BB8E876728920438003CA181 /* Preview Assets.xcassets */ = {isa = PBXFileReference; lastKnownFileType = folder.assetcatalog; path = "Preview Assets.xcassets"; sourceTree = "<group>"; };
		BB8E876928920438003CA181 /* Info.plist */ = {isa = PBXFileReference; lastKnownFileType = text.plist.xml; path = Info.plist; sourceTree = "<group>"; };
/* End PBXFileReference section */

/* Begin PBXFrameworksBuildPhase section */
		BB8E875628920437003CA181 /* Frameworks */ = {
			isa = PBXFrameworksBuildPhase;
			buildActionMask = 2147483647;
			files = (
			);
			runOnlyForDeploymentPostprocessing = 0;
		};
/* End PBXFrameworksBuildPhase section */

/* Begin PBXGroup section */
		BB8E874328920435003CA181 = {
			isa = PBXGroup;
			children = (
				BB8E875228920435003CA181 /* Project6 WatchKit App */,
				BB8E875D28920437003CA181 /* Project6 WatchKit Extension */,
				BB8E874B28920435003CA181 /* Products */,
			);
			sourceTree = "<group>";
		};
		BB8E874B28920435003CA181 /* Products */ = {
			isa = PBXGroup;
			children = (
				BB8E874A28920435003CA181 /* Project6.app */,
				BB8E874E28920435003CA181 /* Project6 WatchKit App.app */,
				BB8E875928920437003CA181 /* Project6 WatchKit Extension.appex */,
			);
			name = Products;
			sourceTree = "<group>";
		};
		BB8E875228920435003CA181 /* Project6 WatchKit App */ = {
			isa = PBXGroup;
			children = (
				BB8E875328920437003CA181 /* Assets.xcassets */,
			);
			path = "Project6 WatchKit App";
			sourceTree = "<group>";
		};
		BB8E875D28920437003CA181 /* Project6 WatchKit Extension */ = {
			isa = PBXGroup;
			children = (
				BB8E875E28920437003CA181 /* ContentView.swift */,
				BB8E876028920437003CA181 /* Project6App.swift */,
				BB8E876228920437003CA181 /* ComplicationController.swift */,
				BB8E876428920438003CA181 /* Assets.xcassets */,
				BB8E876928920438003CA181 /* Info.plist */,
				BB8E876628920438003CA181 /* Preview Content */,
			);
			path = "Project6 WatchKit Extension";
			sourceTree = "<group>";
		};
		BB8E876628920438003CA181 /* Preview Content */ = {
			isa = PBXGroup;
			children = (
				BB8E876728920438003CA181 /* Preview Assets.xcassets */,
			);
			path = "Preview Content";
			sourceTree = "<group>";
		};
/* End PBXGroup section */

/* Begin PBXNativeTarget section */
		BB8E874928920435003CA181 /* Project6 */ = {
			isa = PBXNativeTarget;
			buildConfigurationList = BB8E877428920438003CA181 /* Build configuration list for PBXNativeTarget "Project6" */;
			buildPhases = (
				BB8E874828920435003CA181 /* Resources */,
				BB8E877328920438003CA181 /* Embed Watch Content */,
			);
			buildRules = (
			);
			dependencies = (
				BB8E875128920435003CA181 /* PBXTargetDependency */,
			);
			name = Project6;
			productName = Project6;
			productReference = BB8E874A28920435003CA181 /* Project6.app */;
			productType = "com.apple.product-type.application.watchapp2-container";
		};
		BB8E874D28920435003CA181 /* Project6 WatchKit App */ = {
			isa = PBXNativeTarget;
			buildConfigurationList = BB8E877028920438003CA181 /* Build configuration list for PBXNativeTarget "Project6 WatchKit App" */;
			buildPhases = (
				BB8E874C28920435003CA181 /* Resources */,
				BB8E876F28920438003CA181 /* Embed App Extensions */,
			);
			buildRules = (
			);
			dependencies = (
				BB8E875C28920437003CA181 /* PBXTargetDependency */,
			);
			name = "Project6 WatchKit App";
			productName = "Project6 WatchKit App";
			productReference = BB8E874E28920435003CA181 /* Project6 WatchKit App.app */;
			productType = "com.apple.product-type.application.watchapp2";
		};
		BB8E875828920437003CA181 /* Project6 WatchKit Extension */ = {
			isa = PBXNativeTarget;
			buildConfigurationList = BB8E876C28920438003CA181 /* Build configuration list for PBXNativeTarget "Project6 WatchKit Extension" */;
			buildPhases = (
				BB8E875528920437003CA181 /* Sources */,
				BB8E875628920437003CA181 /* Frameworks */,
				BB8E875728920437003CA181 /* Resources */,
			);
			buildRules = (
			);
			dependencies = (
			);
			name = "Project6 WatchKit Extension";
			productName = "Project6 WatchKit Extension";
			productReference = BB8E875928920437003CA181 /* Project6 WatchKit Extension.appex */;
			productType = "com.apple.product-type.watchkit2-extension";
		};
/* End PBXNativeTarget section */

/* Begin PBXProject section */
		BB8E874428920435003CA181 /* Project object */ = {
			isa = PBXProject;
			attributes = {
				BuildIndependentTargetsInParallel = 1;
				LastSwiftUpdateCheck = 1340;
				LastUpgradeCheck = 1340;
				TargetAttributes = {
					BB8E874928920435003CA181 = {
						CreatedOnToolsVersion = 13.4.1;
					};
					BB8E874D28920435003CA181 = {
						CreatedOnToolsVersion = 13.4.1;
					};
					BB8E875828920437003CA181 = {
						CreatedOnToolsVersion = 13.4.1;
					};
				};
			};
			buildConfigurationList = BB8E874728920435003CA181 /* Build configuration list for PBXProject "Project6" */;
			compatibilityVersion = "Xcode 13.0";
			developmentRegion = en;
			hasScannedForEncodings = 0;
			knownRegions = (
				en,
				Base,
			);
			mainGroup = BB8E874328920435003CA181;
			productRefGroup = BB8E874B28920435003CA181 /* Products */;
			projectDirPath = "";
			projectRoot = "";
			targets = (
				BB8E874928920435003CA181 /* Project6 */,
				BB8E874D28920435003CA181 /* Project6 WatchKit App */,
				BB8E875828920437003CA181 /* Project6 WatchKit Extension */,
			);
		};
/* End PBXProject section */

/* Begin PBXResourcesBuildPhase section */
		BB8E874828920435003CA181 /* Resources */ = {
			isa = PBXResourcesBuildPhase;
			buildActionMask = 2147483647;
			files = (
			);
			runOnlyForDeploymentPostprocessing = 0;
		};
		BB8E874C28920435003CA181 /* Resources */ = {
			isa = PBXResourcesBuildPhase;
			buildActionMask = 2147483647;
			files = (
				BB8E875428920437003CA181 /* Assets.xcassets in Resources */,
			);
			runOnlyForDeploymentPostprocessing = 0;
		};
		BB8E875728920437003CA181 /* Resources */ = {
			isa = PBXResourcesBuildPhase;
			buildActionMask = 2147483647;
			files = (
				BB8E876828920438003CA181 /* Preview Assets.xcassets in Resources */,
				BB8E876528920438003CA181 /* Assets.xcassets in Resources */,
			);
			runOnlyForDeploymentPostprocessing = 0;
		};
/* End PBXResourcesBuildPhase section */

/* Begin PBXSourcesBuildPhase section */
		BB8E875528920437003CA181 /* Sources */ = {
			isa = PBXSourcesBuildPhase;
			buildActionMask = 2147483647;
			files = (
				BB8E876128920437003CA181 /* Project6App.swift in Sources */,
				BB8E875F28920437003CA181 /* ContentView.swift in Sources */,
				BB8E876328920437003CA181 /* ComplicationController.swift in Sources */,
			);
			runOnlyForDeploymentPostprocessing = 0;
		};
/* End PBXSourcesBuildPhase section */

/* Begin PBXTargetDependency section */
		BB8E875128920435003CA181 /* PBXTargetDependency */ = {
			isa = PBXTargetDependency;
			target = BB8E874D28920435003CA181 /* Project6 WatchKit App */;
			targetProxy = BB8E875028920435003CA181 /* PBXContainerItemProxy */;
		};
		BB8E875C28920437003CA181 /* PBXTargetDependency */ = {
			isa = PBXTargetDependency;
			target = BB8E875828920437003CA181 /* Project6 WatchKit Extension */;
			targetProxy = BB8E875B28920437003CA181 /* PBXContainerItemProxy */;
		};
/* End PBXTargetDependency section */

/* Begin XCBuildConfiguration section */
		BB8E876A28920438003CA181 /* Debug */ = {
			isa = XCBuildConfiguration;
			buildSettings = {
				ALWAYS_SEARCH_USER_PATHS = NO;
				CLANG_ANALYZER_NONNULL = YES;
				CLANG_ANALYZER_NUMBER_OBJECT_CONVERSION = YES_AGGRESSIVE;
				CLANG_CXX_LANGUAGE_STANDARD = "gnu++17";
				CLANG_ENABLE_MODULES = YES;
				CLANG_ENABLE_OBJC_ARC = YES;
				CLANG_ENABLE_OBJC_WEAK = YES;
				CLANG_WARN_BLOCK_CAPTURE_AUTORELEASING = YES;
				CLANG_WARN_BOOL_CONVERSION = YES;
				CLANG_WARN_COMMA = YES;
				CLANG_WARN_CONSTANT_CONVERSION = YES;
				CLANG_WARN_DEPRECATED_OBJC_IMPLEMENTATIONS = YES;
				CLANG_WARN_DIRECT_OBJC_ISA_USAGE = YES_ERROR;
				CLANG_WARN_DOCUMENTATION_COMMENTS = YES;
				CLANG_WARN_EMPTY_BODY = YES;
				CLANG_WARN_ENUM_CONVERSION = YES;
				CLANG_WARN_INFINITE_RECURSION = YES;
				CLANG_WARN_INT_CONVERSION = YES;
				CLANG_WARN_NON_LITERAL_NULL_CONVERSION = YES;
				CLANG_WARN_OBJC_IMPLICIT_RETAIN_SELF = YES;
				CLANG_WARN_OBJC_LITERAL_CONVERSION = YES;
				CLANG_WARN_OBJC_ROOT_CLASS = YES_ERROR;
				CLANG_WARN_QUOTED_INCLUDE_IN_FRAMEWORK_HEADER = YES;
				CLANG_WARN_RANGE_LOOP_ANALYSIS = YES;
				CLANG_WARN_STRICT_PROTOTYPES = YES;
				CLANG_WARN_SUSPICIOUS_MOVE = YES;
				CLANG_WARN_UNGUARDED_AVAILABILITY = YES_AGGRESSIVE;
				CLANG_WARN_UNREACHABLE_CODE = YES;
				CLANG_WARN__DUPLICATE_METHOD_MATCH = YES;
				COPY_PHASE_STRIP = NO;
				DEBUG_INFORMATION_FORMAT = dwarf;
				ENABLE_STRICT_OBJC_MSGSEND = YES;
				ENABLE_TESTABILITY = YES;
				GCC_C_LANGUAGE_STANDARD = gnu11;
				GCC_DYNAMIC_NO_PIC = NO;
				GCC_NO_COMMON_BLOCKS = YES;
				GCC_OPTIMIZATION_LEVEL = 0;
				GCC_PREPROCESSOR_DEFINITIONS = (
					"DEBUG=1",
					"$(inherited)",
				);
				GCC_WARN_64_TO_32_BIT_CONVERSION = YES;
				GCC_WARN_ABOUT_RETURN_TYPE = YES_ERROR;
				GCC_WARN_UNDECLARED_SELECTOR = YES;
				GCC_WARN_UNINITIALIZED_AUTOS = YES_AGGRESSIVE;
				GCC_WARN_UNUSED_FUNCTION = YES;
				GCC_WARN_UNUSED_VARIABLE = YES;
				MTL_ENABLE_DEBUG_INFO = INCLUDE_SOURCE;
				MTL_FAST_MATH = YES;
				ONLY_ACTIVE_ARCH = YES;
				SDKROOT = iphoneos;
				SWIFT_ACTIVE_COMPILATION_CONDITIONS = DEBUG;
				SWIFT_OPTIMIZATION_LEVEL = "-Onone";
			};
			name = Debug;
		};
		BB8E876B28920438003CA181 /* Release */ = {
			isa = XCBuildConfiguration;
			buildSettings = {
				ALWAYS_SEARCH_USER_PATHS = NO;
				CLANG_ANALYZER_NONNULL = YES;
				CLANG_ANALYZER_NUMBER_OBJECT_CONVERSION = YES_AGGRESSIVE;
				CLANG_CXX_LANGUAGE_STANDARD = "gnu++17";
				CLANG_ENABLE_MODULES = YES;
				CLANG_ENABLE_OBJC_ARC = YES;
				CLANG_ENABLE_OBJC_WEAK = YES;
				CLANG_WARN_BLOCK_CAPTURE_AUTORELEASING = YES;
				CLANG_WARN_BOOL_CONVERSION = YES;
				CLANG_WARN_COMMA = YES;
				CLANG_WARN_CONSTANT_CONVERSION = YES;
				CLANG_WARN_DEPRECATED_OBJC_IMPLEMENTATIONS = YES;
				CLANG_WARN_DIRECT_OBJC_ISA_USAGE = YES_ERROR;
				CLANG_WARN_DOCUMENTATION_COMMENTS = YES;
				CLANG_WARN_EMPTY_BODY = YES;
				CLANG_WARN_ENUM_CONVERSION = YES;
				CLANG_WARN_INFINITE_RECURSION = YES;
				CLANG_WARN_INT_CONVERSION = YES;
				CLANG_WARN_NON_LITERAL_NULL_CONVERSION = YES;
				CLANG_WARN_OBJC_IMPLICIT_RETAIN_SELF = YES;
				CLANG_WARN_OBJC_LITERAL_CONVERSION = YES;
				CLANG_WARN_OBJC_ROOT_CLASS = YES_ERROR;
				CLANG_WARN_QUOTED_INCLUDE_IN_FRAMEWORK_HEADER = YES;
				CLANG_WARN_RANGE_LOOP_ANALYSIS = YES;
				CLANG_WARN_STRICT_PROTOTYPES = YES;
				CLANG_WARN_SUSPICIOUS_MOVE = YES;
				CLANG_WARN_UNGUARDED_AVAILABILITY = YES_AGGRESSIVE;
				CLANG_WARN_UNREACHABLE_CODE = YES;
				CLANG_WARN__DUPLICATE_METHOD_MATCH = YES;
				COPY_PHASE_STRIP = NO;
				DEBUG_INFORMATION_FORMAT = "dwarf-with-dsym";
				ENABLE_NS_ASSERTIONS = NO;
				ENABLE_STRICT_OBJC_MSGSEND = YES;
				GCC_C_LANGUAGE_STANDARD = gnu11;
				GCC_NO_COMMON_BLOCKS = YES;
				GCC_WARN_64_TO_32_BIT_CONVERSION = YES;
				GCC_WARN_ABOUT_RETURN_TYPE = YES_ERROR;
				GCC_WARN_UNDECLARED_SELECTOR = YES;
				GCC_WARN_UNINITIALIZED_AUTOS = YES_AGGRESSIVE;
				GCC_WARN_UNUSED_FUNCTION = YES;
				GCC_WARN_UNUSED_VARIABLE = YES;
				MTL_ENABLE_DEBUG_INFO = NO;
				MTL_FAST_MATH = YES;
				SDKROOT = iphoneos;
				SWIFT_COMPILATION_MODE = wholemodule;
				SWIFT_OPTIMIZATION_LEVEL = "-O";
				VALIDATE_PRODUCT = YES;
			};
			name = Release;
		};
		BB8E876D28920438003CA181 /* Debug */ = {
			isa = XCBuildConfiguration;
			buildSettings = {
				ASSETCATALOG_COMPILER_COMPLICATION_NAME = Complication;
				CODE_SIGN_STYLE = Automatic;
				CURRENT_PROJECT_VERSION = 1;
				DEVELOPMENT_ASSET_PATHS = "\"Project6 WatchKit Extension/Preview Content\"";
				DEVELOPMENT_TEAM = LDT5GDB2EQ;
				ENABLE_PREVIEWS = YES;
				GENERATE_INFOPLIST_FILE = YES;
				INFOPLIST_FILE = "Project6 WatchKit Extension/Info.plist";
				INFOPLIST_KEY_CFBundleDisplayName = "Project6 WatchKit Extension";
				INFOPLIST_KEY_CLKComplicationPrincipalClass = "$(PRODUCT_MODULE_NAME).ComplicationController";
				INFOPLIST_KEY_NSHumanReadableCopyright = "";
				INFOPLIST_KEY_WKWatchOnly = YES;
				LD_RUNPATH_SEARCH_PATHS = (
					"$(inherited)",
					"@executable_path/Frameworks",
					"@executable_path/../../Frameworks",
				);
				MARKETING_VERSION = 1.0;
				PRODUCT_BUNDLE_IDENTIFIER = clintonsbm.Project6.watchkitapp.watchkitextension;
				PRODUCT_NAME = "${TARGET_NAME}";
				SDKROOT = watchos;
				SKIP_INSTALL = YES;
				SWIFT_EMIT_LOC_STRINGS = YES;
				SWIFT_VERSION = 5.0;
				TARGETED_DEVICE_FAMILY = 4;
				WATCHOS_DEPLOYMENT_TARGET = 8.5;
			};
			name = Debug;
		};
		BB8E876E28920438003CA181 /* Release */ = {
			isa = XCBuildConfiguration;
			buildSettings = {
				ASSETCATALOG_COMPILER_COMPLICATION_NAME = Complication;
				CODE_SIGN_STYLE = Automatic;
				CURRENT_PROJECT_VERSION = 1;
				DEVELOPMENT_ASSET_PATHS = "\"Project6 WatchKit Extension/Preview Content\"";
				DEVELOPMENT_TEAM = LDT5GDB2EQ;
				ENABLE_PREVIEWS = YES;
				GENERATE_INFOPLIST_FILE = YES;
				INFOPLIST_FILE = "Project6 WatchKit Extension/Info.plist";
				INFOPLIST_KEY_CFBundleDisplayName = "Project6 WatchKit Extension";
				INFOPLIST_KEY_CLKComplicationPrincipalClass = "$(PRODUCT_MODULE_NAME).ComplicationController";
				INFOPLIST_KEY_NSHumanReadableCopyright = "";
				INFOPLIST_KEY_WKWatchOnly = YES;
				LD_RUNPATH_SEARCH_PATHS = (
					"$(inherited)",
					"@executable_path/Frameworks",
					"@executable_path/../../Frameworks",
				);
				MARKETING_VERSION = 1.0;
				PRODUCT_BUNDLE_IDENTIFIER = clintonsbm.Project6.watchkitapp.watchkitextension;
				PRODUCT_NAME = "${TARGET_NAME}";
				SDKROOT = watchos;
				SKIP_INSTALL = YES;
				SWIFT_EMIT_LOC_STRINGS = YES;
				SWIFT_VERSION = 5.0;
				TARGETED_DEVICE_FAMILY = 4;
				WATCHOS_DEPLOYMENT_TARGET = 8.5;
			};
			name = Release;
		};
		BB8E877128920438003CA181 /* Debug */ = {
			isa = XCBuildConfiguration;
			buildSettings = {
				ALWAYS_EMBED_SWIFT_STANDARD_LIBRARIES = YES;
				ASSETCATALOG_COMPILER_APPICON_NAME = AppIcon;
				ASSETCATALOG_COMPILER_GLOBAL_ACCENT_COLOR_NAME = AccentColor;
				CODE_SIGN_STYLE = Automatic;
				CURRENT_PROJECT_VERSION = 1;
				DEVELOPMENT_TEAM = LDT5GDB2EQ;
				GENERATE_INFOPLIST_FILE = YES;
				IBSC_MODULE = Project6_WatchKit_Extension;
				INFOPLIST_KEY_CFBundleDisplayName = "Project6 WatchKit App";
				INFOPLIST_KEY_UISupportedInterfaceOrientations = "UIInterfaceOrientationPortrait UIInterfaceOrientationPortraitUpsideDown";
				MARKETING_VERSION = 1.0;
				PRODUCT_BUNDLE_IDENTIFIER = clintonsbm.Project6.watchkitapp;
				PRODUCT_NAME = "$(TARGET_NAME)";
				SDKROOT = watchos;
				SKIP_INSTALL = YES;
				SWIFT_EMIT_LOC_STRINGS = YES;
				SWIFT_VERSION = 5.0;
				TARGETED_DEVICE_FAMILY = 4;
				WATCHOS_DEPLOYMENT_TARGET = 8.5;
			};
			name = Debug;
		};
		BB8E877228920438003CA181 /* Release */ = {
			isa = XCBuildConfiguration;
			buildSettings = {
				ALWAYS_EMBED_SWIFT_STANDARD_LIBRARIES = YES;
				ASSETCATALOG_COMPILER_APPICON_NAME = AppIcon;
				ASSETCATALOG_COMPILER_GLOBAL_ACCENT_COLOR_NAME = AccentColor;
				CODE_SIGN_STYLE = Automatic;
				CURRENT_PROJECT_VERSION = 1;
				DEVELOPMENT_TEAM = LDT5GDB2EQ;
				GENERATE_INFOPLIST_FILE = YES;
				IBSC_MODULE = Project6_WatchKit_Extension;
				INFOPLIST_KEY_CFBundleDisplayName = "Project6 WatchKit App";
				INFOPLIST_KEY_UISupportedInterfaceOrientations = "UIInterfaceOrientationPortrait UIInterfaceOrientationPortraitUpsideDown";
				MARKETING_VERSION = 1.0;
				PRODUCT_BUNDLE_IDENTIFIER = clintonsbm.Project6.watchkitapp;
				PRODUCT_NAME = "$(TARGET_NAME)";
				SDKROOT = watchos;
				SKIP_INSTALL = YES;
				SWIFT_EMIT_LOC_STRINGS = YES;
				SWIFT_VERSION = 5.0;
				TARGETED_DEVICE_FAMILY = 4;
				WATCHOS_DEPLOYMENT_TARGET = 8.5;
			};
			name = Release;
		};
		BB8E877528920438003CA181 /* Debug */ = {
			isa = XCBuildConfiguration;
			buildSettings = {
				CODE_SIGN_STYLE = Automatic;
				CURRENT_PROJECT_VERSION = 1;
				DEVELOPMENT_TEAM = LDT5GDB2EQ;
				MARKETING_VERSION = 1.0;
				PRODUCT_BUNDLE_IDENTIFIER = clintonsbm.Project6;
				PRODUCT_NAME = "$(TARGET_NAME)";
				SWIFT_VERSION = 5.0;
			};
			name = Debug;
		};
		BB8E877628920438003CA181 /* Release */ = {
			isa = XCBuildConfiguration;
			buildSettings = {
				CODE_SIGN_STYLE = Automatic;
				CURRENT_PROJECT_VERSION = 1;
				DEVELOPMENT_TEAM = LDT5GDB2EQ;
				MARKETING_VERSION = 1.0;
				PRODUCT_BUNDLE_IDENTIFIER = clintonsbm.Project6;
				PRODUCT_NAME = "$(TARGET_NAME)";
				SWIFT_VERSION = 5.0;
			};
			name = Release;
		};
/* End XCBuildConfiguration section */

/* Begin XCConfigurationList section */
		BB8E874728920435003CA181 /* Build configuration list for PBXProject "Project6" */ = {
			isa = XCConfigurationList;
			buildConfigurations = (
				BB8E876A28920438003CA181 /* Debug */,
				BB8E876B28920438003CA181 /* Release */,
			);
			defaultConfigurationIsVisible = 0;
			defaultConfigurationName = Release;
		};
		BB8E876C28920438003CA181 /* Build configuration list for PBXNativeTarget "Project6 WatchKit Extension" */ = {
			isa = XCConfigurationList;
			buildConfigurations = (
				BB8E876D28920438003CA181 /* Debug */,
				BB8E876E28920438003CA181 /* Release */,
			);
			defaultConfigurationIsVisible = 0;
			defaultConfigurationName = Release;
		};
		BB8E877028920438003CA181 /* Build configuration list for PBXNativeTarget "Project6 WatchKit App" */ = {
			isa = XCConfigurationList;
			buildConfigurations = (
				BB8E877128920438003CA181 /* Debug */,
				BB8E877228920438003CA181 /* Release */,
			);
			defaultConfigurationIsVisible = 0;
			defaultConfigurationName = Release;
		};
		BB8E877428920438003CA181 /* Build configuration list for PBXNativeTarget "Project6" */ = {
			isa = XCConfigurationList;
			buildConfigurations = (
				BB8E877528920438003CA181 /* Debug */,
				BB8E877628920438003CA181 /* Release */,
			);
			defaultConfigurationIsVisible = 0;
			defaultConfigurationName = Release;
		};
/* End XCConfigurationList section */
	};
	rootObject = BB8E874428920435003CA181 /* Project object */;
}
