// !$*UTF8*$!
{
	archiveVersion = 1;
	classes = {
	};
	objectVersion = 55;
	objects = {

/* Begin PBXBuildFile section */
		B4E4FC6B2854309100361E9E /* Project1 WatchKit App.app in Embed Watch Content */ = {isa = PBXBuildFile; fileRef = B4E4FC6A2854309100361E9E /* Project1 WatchKit App.app */; settings = {ATTRIBUTES = (RemoveHeadersOnCopy, ); }; };
		B4E4FC702854309400361E9E /* Assets.xcassets in Resources */ = {isa = PBXBuildFile; fileRef = B4E4FC6F2854309400361E9E /* Assets.xcassets */; };
		B4E4FC762854309400361E9E /* Project1 WatchKit Extension.appex in Embed App Extensions */ = {isa = PBXBuildFile; fileRef = B4E4FC752854309400361E9E /* Project1 WatchKit Extension.appex */; settings = {ATTRIBUTES = (RemoveHeadersOnCopy, ); }; };
		B4E4FC7B2854309400361E9E /* ContentView.swift in Sources */ = {isa = PBXBuildFile; fileRef = B4E4FC7A2854309400361E9E /* ContentView.swift */; };
		B4E4FC7D2854309400361E9E /* Project1App.swift in Sources */ = {isa = PBXBuildFile; fileRef = B4E4FC7C2854309400361E9E /* Project1App.swift */; };
		B4E4FC7F2854309400361E9E /* ComplicationController.swift in Sources */ = {isa = PBXBuildFile; fileRef = B4E4FC7E2854309400361E9E /* ComplicationController.swift */; };
		B4E4FC812854309500361E9E /* Assets.xcassets in Resources */ = {isa = PBXBuildFile; fileRef = B4E4FC802854309500361E9E /* Assets.xcassets */; };
		B4E4FC842854309500361E9E /* Preview Assets.xcassets in Resources */ = {isa = PBXBuildFile; fileRef = B4E4FC832854309500361E9E /* Preview Assets.xcassets */; };
		B4E4FC942854314B00361E9E /* Note.swift in Sources */ = {isa = PBXBuildFile; fileRef = B4E4FC932854314B00361E9E /* Note.swift */; };
		B4E4FC962854C0C100361E9E /* DetailsView.swift in Sources */ = {isa = PBXBuildFile; fileRef = B4E4FC952854C0C100361E9E /* DetailsView.swift */; };
		B4E4FC982854CA4600361E9E /* CreditsView.swift in Sources */ = {isa = PBXBuildFile; fileRef = B4E4FC972854CA4600361E9E /* CreditsView.swift */; };
/* End PBXBuildFile section */

/* Begin PBXContainerItemProxy section */
		B4E4FC6C2854309100361E9E /* PBXContainerItemProxy */ = {
			isa = PBXContainerItemProxy;
			containerPortal = B4E4FC602854309000361E9E /* Project object */;
			proxyType = 1;
			remoteGlobalIDString = B4E4FC692854309100361E9E;
			remoteInfo = "Project1 WatchKit App";
		};
		B4E4FC772854309400361E9E /* PBXContainerItemProxy */ = {
			isa = PBXContainerItemProxy;
			containerPortal = B4E4FC602854309000361E9E /* Project object */;
			proxyType = 1;
			remoteGlobalIDString = B4E4FC742854309400361E9E;
			remoteInfo = "Project1 WatchKit Extension";
		};
/* End PBXContainerItemProxy section */

/* Begin PBXCopyFilesBuildPhase section */
		B4E4FC8B2854309500361E9E /* Embed App Extensions */ = {
			isa = PBXCopyFilesBuildPhase;
			buildActionMask = 2147483647;
			dstPath = "";
			dstSubfolderSpec = 13;
			files = (
				B4E4FC762854309400361E9E /* Project1 WatchKit Extension.appex in Embed App Extensions */,
			);
			name = "Embed App Extensions";
			runOnlyForDeploymentPostprocessing = 0;
		};
		B4E4FC8F2854309500361E9E /* Embed Watch Content */ = {
			isa = PBXCopyFilesBuildPhase;
			buildActionMask = 2147483647;
			dstPath = "$(CONTENTS_FOLDER_PATH)/Watch";
			dstSubfolderSpec = 16;
			files = (
				B4E4FC6B2854309100361E9E /* Project1 WatchKit App.app in Embed Watch Content */,
			);
			name = "Embed Watch Content";
			runOnlyForDeploymentPostprocessing = 0;
		};
/* End PBXCopyFilesBuildPhase section */

/* Begin PBXFileReference section */
		B4E4FC662854309000361E9E /* Project1.app */ = {isa = PBXFileReference; explicitFileType = wrapper.application; includeInIndex = 0; path = Project1.app; sourceTree = BUILT_PRODUCTS_DIR; };
		B4E4FC6A2854309100361E9E /* Project1 WatchKit App.app */ = {isa = PBXFileReference; explicitFileType = wrapper.application; includeInIndex = 0; path = "Project1 WatchKit App.app"; sourceTree = BUILT_PRODUCTS_DIR; };
		B4E4FC6F2854309400361E9E /* Assets.xcassets */ = {isa = PBXFileReference; lastKnownFileType = folder.assetcatalog; path = Assets.xcassets; sourceTree = "<group>"; };
		B4E4FC752854309400361E9E /* Project1 WatchKit Extension.appex */ = {isa = PBXFileReference; explicitFileType = "wrapper.app-extension"; includeInIndex = 0; path = "Project1 WatchKit Extension.appex"; sourceTree = BUILT_PRODUCTS_DIR; };
		B4E4FC7A2854309400361E9E /* ContentView.swift */ = {isa = PBXFileReference; lastKnownFileType = sourcecode.swift; path = ContentView.swift; sourceTree = "<group>"; };
		B4E4FC7C2854309400361E9E /* Project1App.swift */ = {isa = PBXFileReference; lastKnownFileType = sourcecode.swift; path = Project1App.swift; sourceTree = "<group>"; };
		B4E4FC7E2854309400361E9E /* ComplicationController.swift */ = {isa = PBXFileReference; lastKnownFileType = sourcecode.swift; path = ComplicationController.swift; sourceTree = "<group>"; };
		B4E4FC802854309500361E9E /* Assets.xcassets */ = {isa = PBXFileReference; lastKnownFileType = folder.assetcatalog; path = Assets.xcassets; sourceTree = "<group>"; };
		B4E4FC832854309500361E9E /* Preview Assets.xcassets */ = {isa = PBXFileReference; lastKnownFileType = folder.assetcatalog; path = "Preview Assets.xcassets"; sourceTree = "<group>"; };
		B4E4FC852854309500361E9E /* Info.plist */ = {isa = PBXFileReference; lastKnownFileType = text.plist.xml; path = Info.plist; sourceTree = "<group>"; };
		B4E4FC932854314B00361E9E /* Note.swift */ = {isa = PBXFileReference; lastKnownFileType = sourcecode.swift; path = Note.swift; sourceTree = "<group>"; };
		B4E4FC952854C0C100361E9E /* DetailsView.swift */ = {isa = PBXFileReference; lastKnownFileType = sourcecode.swift; path = DetailsView.swift; sourceTree = "<group>"; };
		B4E4FC972854CA4600361E9E /* CreditsView.swift */ = {isa = PBXFileReference; lastKnownFileType = sourcecode.swift; path = CreditsView.swift; sourceTree = "<group>"; };
/* End PBXFileReference section */

/* Begin PBXFrameworksBuildPhase section */
		B4E4FC722854309400361E9E /* Frameworks */ = {
			isa = PBXFrameworksBuildPhase;
			buildActionMask = 2147483647;
			files = (
			);
			runOnlyForDeploymentPostprocessing = 0;
		};
/* End PBXFrameworksBuildPhase section */

/* Begin PBXGroup section */
		B4E4FC5F2854309000361E9E = {
			isa = PBXGroup;
			children = (
				B4E4FC6E2854309100361E9E /* Project1 WatchKit App */,
				B4E4FC792854309400361E9E /* Project1 WatchKit Extension */,
				B4E4FC672854309000361E9E /* Products */,
			);
			sourceTree = "<group>";
		};
		B4E4FC672854309000361E9E /* Products */ = {
			isa = PBXGroup;
			children = (
				B4E4FC662854309000361E9E /* Project1.app */,
				B4E4FC6A2854309100361E9E /* Project1 WatchKit App.app */,
				B4E4FC752854309400361E9E /* Project1 WatchKit Extension.appex */,
			);
			name = Products;
			sourceTree = "<group>";
		};
		B4E4FC6E2854309100361E9E /* Project1 WatchKit App */ = {
			isa = PBXGroup;
			children = (
				B4E4FC6F2854309400361E9E /* Assets.xcassets */,
			);
			path = "Project1 WatchKit App";
			sourceTree = "<group>";
		};
		B4E4FC792854309400361E9E /* Project1 WatchKit Extension */ = {
			isa = PBXGroup;
			children = (
				B4E4FC7A2854309400361E9E /* ContentView.swift */,
				B4E4FC972854CA4600361E9E /* CreditsView.swift */,
				B4E4FC952854C0C100361E9E /* DetailsView.swift */,
				B4E4FC932854314B00361E9E /* Note.swift */,
				B4E4FC7C2854309400361E9E /* Project1App.swift */,
				B4E4FC7E2854309400361E9E /* ComplicationController.swift */,
				B4E4FC802854309500361E9E /* Assets.xcassets */,
				B4E4FC852854309500361E9E /* Info.plist */,
				B4E4FC822854309500361E9E /* Preview Content */,
			);
			path = "Project1 WatchKit Extension";
			sourceTree = "<group>";
		};
		B4E4FC822854309500361E9E /* Preview Content */ = {
			isa = PBXGroup;
			children = (
				B4E4FC832854309500361E9E /* Preview Assets.xcassets */,
			);
			path = "Preview Content";
			sourceTree = "<group>";
		};
/* End PBXGroup section */

/* Begin PBXNativeTarget section */
		B4E4FC652854309000361E9E /* Project1 */ = {
			isa = PBXNativeTarget;
			buildConfigurationList = B4E4FC902854309500361E9E /* Build configuration list for PBXNativeTarget "Project1" */;
			buildPhases = (
				B4E4FC642854309000361E9E /* Resources */,
				B4E4FC8F2854309500361E9E /* Embed Watch Content */,
			);
			buildRules = (
			);
			dependencies = (
				B4E4FC6D2854309100361E9E /* PBXTargetDependency */,
			);
			name = Project1;
			productName = Project1;
			productReference = B4E4FC662854309000361E9E /* Project1.app */;
			productType = "com.apple.product-type.application.watchapp2-container";
		};
		B4E4FC692854309100361E9E /* Project1 WatchKit App */ = {
			isa = PBXNativeTarget;
			buildConfigurationList = B4E4FC8C2854309500361E9E /* Build configuration list for PBXNativeTarget "Project1 WatchKit App" */;
			buildPhases = (
				B4E4FC682854309100361E9E /* Resources */,
				B4E4FC8B2854309500361E9E /* Embed App Extensions */,
			);
			buildRules = (
			);
			dependencies = (
				B4E4FC782854309400361E9E /* PBXTargetDependency */,
			);
			name = "Project1 WatchKit App";
			productName = "Project1 WatchKit App";
			productReference = B4E4FC6A2854309100361E9E /* Project1 WatchKit App.app */;
			productType = "com.apple.product-type.application.watchapp2";
		};
		B4E4FC742854309400361E9E /* Project1 WatchKit Extension */ = {
			isa = PBXNativeTarget;
			buildConfigurationList = B4E4FC882854309500361E9E /* Build configuration list for PBXNativeTarget "Project1 WatchKit Extension" */;
			buildPhases = (
				B4E4FC712854309400361E9E /* Sources */,
				B4E4FC722854309400361E9E /* Frameworks */,
				B4E4FC732854309400361E9E /* Resources */,
			);
			buildRules = (
			);
			dependencies = (
			);
			name = "Project1 WatchKit Extension";
			productName = "Project1 WatchKit Extension";
			productReference = B4E4FC752854309400361E9E /* Project1 WatchKit Extension.appex */;
			productType = "com.apple.product-type.watchkit2-extension";
		};
/* End PBXNativeTarget section */

/* Begin PBXProject section */
		B4E4FC602854309000361E9E /* Project object */ = {
			isa = PBXProject;
			attributes = {
				BuildIndependentTargetsInParallel = 1;
				LastSwiftUpdateCheck = 1340;
				LastUpgradeCheck = 1340;
				TargetAttributes = {
					B4E4FC652854309000361E9E = {
						CreatedOnToolsVersion = 13.4.1;
					};
					B4E4FC692854309100361E9E = {
						CreatedOnToolsVersion = 13.4.1;
					};
					B4E4FC742854309400361E9E = {
						CreatedOnToolsVersion = 13.4.1;
					};
				};
			};
			buildConfigurationList = B4E4FC632854309000361E9E /* Build configuration list for PBXProject "Project1" */;
			compatibilityVersion = "Xcode 13.0";
			developmentRegion = en;
			hasScannedForEncodings = 0;
			knownRegions = (
				en,
				Base,
			);
			mainGroup = B4E4FC5F2854309000361E9E;
			productRefGroup = B4E4FC672854309000361E9E /* Products */;
			projectDirPath = "";
			projectRoot = "";
			targets = (
				B4E4FC652854309000361E9E /* Project1 */,
				B4E4FC692854309100361E9E /* Project1 WatchKit App */,
				B4E4FC742854309400361E9E /* Project1 WatchKit Extension */,
			);
		};
/* End PBXProject section */

/* Begin PBXResourcesBuildPhase section */
		B4E4FC642854309000361E9E /* Resources */ = {
			isa = PBXResourcesBuildPhase;
			buildActionMask = 2147483647;
			files = (
			);
			runOnlyForDeploymentPostprocessing = 0;
		};
		B4E4FC682854309100361E9E /* Resources */ = {
			isa = PBXResourcesBuildPhase;
			buildActionMask = 2147483647;
			files = (
				B4E4FC702854309400361E9E /* Assets.xcassets in Resources */,
			);
			runOnlyForDeploymentPostprocessing = 0;
		};
		B4E4FC732854309400361E9E /* Resources */ = {
			isa = PBXResourcesBuildPhase;
			buildActionMask = 2147483647;
			files = (
				B4E4FC842854309500361E9E /* Preview Assets.xcassets in Resources */,
				B4E4FC812854309500361E9E /* Assets.xcassets in Resources */,
			);
			runOnlyForDeploymentPostprocessing = 0;
		};
/* End PBXResourcesBuildPhase section */

/* Begin PBXSourcesBuildPhase section */
		B4E4FC712854309400361E9E /* Sources */ = {
			isa = PBXSourcesBuildPhase;
			buildActionMask = 2147483647;
			files = (
				B4E4FC7B2854309400361E9E /* ContentView.swift in Sources */,
				B4E4FC962854C0C100361E9E /* DetailsView.swift in Sources */,
				B4E4FC7D2854309400361E9E /* Project1App.swift in Sources */,
				B4E4FC982854CA4600361E9E /* CreditsView.swift in Sources */,
				B4E4FC7F2854309400361E9E /* ComplicationController.swift in Sources */,
				B4E4FC942854314B00361E9E /* Note.swift in Sources */,
			);
			runOnlyForDeploymentPostprocessing = 0;
		};
/* End PBXSourcesBuildPhase section */

/* Begin PBXTargetDependency section */
		B4E4FC6D2854309100361E9E /* PBXTargetDependency */ = {
			isa = PBXTargetDependency;
			target = B4E4FC692854309100361E9E /* Project1 WatchKit App */;
			targetProxy = B4E4FC6C2854309100361E9E /* PBXContainerItemProxy */;
		};
		B4E4FC782854309400361E9E /* PBXTargetDependency */ = {
			isa = PBXTargetDependency;
			target = B4E4FC742854309400361E9E /* Project1 WatchKit Extension */;
			targetProxy = B4E4FC772854309400361E9E /* PBXContainerItemProxy */;
		};
/* End PBXTargetDependency section */

/* Begin XCBuildConfiguration section */
		B4E4FC862854309500361E9E /* Debug */ = {
			isa = XCBuildConfiguration;
			buildSettings = {
				ALWAYS_SEARCH_USER_PATHS = NO;
				CLANG_ANALYZER_NONNULL = YES;
				CLANG_ANALYZER_NUMBER_OBJECT_CONVERSION = YES_AGGRESSIVE;
				CLANG_CXX_LANGUAGE_STANDARD = "gnu++17";
				CLANG_ENABLE_MODULES = YES;
				CLANG_ENABLE_OBJC_ARC = YES;
				CLANG_ENABLE_OBJC_WEAK = YES;
				CLANG_WARN_BLOCK_CAPTURE_AUTORELEASING = YES;
				CLANG_WARN_BOOL_CONVERSION = YES;
				CLANG_WARN_COMMA = YES;
				CLANG_WARN_CONSTANT_CONVERSION = YES;
				CLANG_WARN_DEPRECATED_OBJC_IMPLEMENTATIONS = YES;
				CLANG_WARN_DIRECT_OBJC_ISA_USAGE = YES_ERROR;
				CLANG_WARN_DOCUMENTATION_COMMENTS = YES;
				CLANG_WARN_EMPTY_BODY = YES;
				CLANG_WARN_ENUM_CONVERSION = YES;
				CLANG_WARN_INFINITE_RECURSION = YES;
				CLANG_WARN_INT_CONVERSION = YES;
				CLANG_WARN_NON_LITERAL_NULL_CONVERSION = YES;
				CLANG_WARN_OBJC_IMPLICIT_RETAIN_SELF = YES;
				CLANG_WARN_OBJC_LITERAL_CONVERSION = YES;
				CLANG_WARN_OBJC_ROOT_CLASS = YES_ERROR;
				CLANG_WARN_QUOTED_INCLUDE_IN_FRAMEWORK_HEADER = YES;
				CLANG_WARN_RANGE_LOOP_ANALYSIS = YES;
				CLANG_WARN_STRICT_PROTOTYPES = YES;
				CLANG_WARN_SUSPICIOUS_MOVE = YES;
				CLANG_WARN_UNGUARDED_AVAILABILITY = YES_AGGRESSIVE;
				CLANG_WARN_UNREACHABLE_CODE = YES;
				CLANG_WARN__DUPLICATE_METHOD_MATCH = YES;
				COPY_PHASE_STRIP = NO;
				DEBUG_INFORMATION_FORMAT = dwarf;
				ENABLE_STRICT_OBJC_MSGSEND = YES;
				ENABLE_TESTABILITY = YES;
				GCC_C_LANGUAGE_STANDARD = gnu11;
				GCC_DYNAMIC_NO_PIC = NO;
				GCC_NO_COMMON_BLOCKS = YES;
				GCC_OPTIMIZATION_LEVEL = 0;
				GCC_PREPROCESSOR_DEFINITIONS = (
					"DEBUG=1",
					"$(inherited)",
				);
				GCC_WARN_64_TO_32_BIT_CONVERSION = YES;
				GCC_WARN_ABOUT_RETURN_TYPE = YES_ERROR;
				GCC_WARN_UNDECLARED_SELECTOR = YES;
				GCC_WARN_UNINITIALIZED_AUTOS = YES_AGGRESSIVE;
				GCC_WARN_UNUSED_FUNCTION = YES;
				GCC_WARN_UNUSED_VARIABLE = YES;
				MTL_ENABLE_DEBUG_INFO = INCLUDE_SOURCE;
				MTL_FAST_MATH = YES;
				ONLY_ACTIVE_ARCH = YES;
				SDKROOT = iphoneos;
				SWIFT_ACTIVE_COMPILATION_CONDITIONS = DEBUG;
				SWIFT_OPTIMIZATION_LEVEL = "-Onone";
			};
			name = Debug;
		};
		B4E4FC872854309500361E9E /* Release */ = {
			isa = XCBuildConfiguration;
			buildSettings = {
				ALWAYS_SEARCH_USER_PATHS = NO;
				CLANG_ANALYZER_NONNULL = YES;
				CLANG_ANALYZER_NUMBER_OBJECT_CONVERSION = YES_AGGRESSIVE;
				CLANG_CXX_LANGUAGE_STANDARD = "gnu++17";
				CLANG_ENABLE_MODULES = YES;
				CLANG_ENABLE_OBJC_ARC = YES;
				CLANG_ENABLE_OBJC_WEAK = YES;
				CLANG_WARN_BLOCK_CAPTURE_AUTORELEASING = YES;
				CLANG_WARN_BOOL_CONVERSION = YES;
				CLANG_WARN_COMMA = YES;
				CLANG_WARN_CONSTANT_CONVERSION = YES;
				CLANG_WARN_DEPRECATED_OBJC_IMPLEMENTATIONS = YES;
				CLANG_WARN_DIRECT_OBJC_ISA_USAGE = YES_ERROR;
				CLANG_WARN_DOCUMENTATION_COMMENTS = YES;
				CLANG_WARN_EMPTY_BODY = YES;
				CLANG_WARN_ENUM_CONVERSION = YES;
				CLANG_WARN_INFINITE_RECURSION = YES;
				CLANG_WARN_INT_CONVERSION = YES;
				CLANG_WARN_NON_LITERAL_NULL_CONVERSION = YES;
				CLANG_WARN_OBJC_IMPLICIT_RETAIN_SELF = YES;
				CLANG_WARN_OBJC_LITERAL_CONVERSION = YES;
				CLANG_WARN_OBJC_ROOT_CLASS = YES_ERROR;
				CLANG_WARN_QUOTED_INCLUDE_IN_FRAMEWORK_HEADER = YES;
				CLANG_WARN_RANGE_LOOP_ANALYSIS = YES;
				CLANG_WARN_STRICT_PROTOTYPES = YES;
				CLANG_WARN_SUSPICIOUS_MOVE = YES;
				CLANG_WARN_UNGUARDED_AVAILABILITY = YES_AGGRESSIVE;
				CLANG_WARN_UNREACHABLE_CODE = YES;
				CLANG_WARN__DUPLICATE_METHOD_MATCH = YES;
				COPY_PHASE_STRIP = NO;
				DEBUG_INFORMATION_FORMAT = "dwarf-with-dsym";
				ENABLE_NS_ASSERTIONS = NO;
				ENABLE_STRICT_OBJC_MSGSEND = YES;
				GCC_C_LANGUAGE_STANDARD = gnu11;
				GCC_NO_COMMON_BLOCKS = YES;
				GCC_WARN_64_TO_32_BIT_CONVERSION = YES;
				GCC_WARN_ABOUT_RETURN_TYPE = YES_ERROR;
				GCC_WARN_UNDECLARED_SELECTOR = YES;
				GCC_WARN_UNINITIALIZED_AUTOS = YES_AGGRESSIVE;
				GCC_WARN_UNUSED_FUNCTION = YES;
				GCC_WARN_UNUSED_VARIABLE = YES;
				MTL_ENABLE_DEBUG_INFO = NO;
				MTL_FAST_MATH = YES;
				SDKROOT = iphoneos;
				SWIFT_COMPILATION_MODE = wholemodule;
				SWIFT_OPTIMIZATION_LEVEL = "-O";
				VALIDATE_PRODUCT = YES;
			};
			name = Release;
		};
		B4E4FC892854309500361E9E /* Debug */ = {
			isa = XCBuildConfiguration;
			buildSettings = {
				ASSETCATALOG_COMPILER_COMPLICATION_NAME = Complication;
				CODE_SIGN_STYLE = Automatic;
				CURRENT_PROJECT_VERSION = 1;
				DEVELOPMENT_ASSET_PATHS = "\"Project1 WatchKit Extension/Preview Content\"";
				DEVELOPMENT_TEAM = LDT5GDB2EQ;
				ENABLE_PREVIEWS = YES;
				GENERATE_INFOPLIST_FILE = YES;
				INFOPLIST_FILE = "Project1 WatchKit Extension/Info.plist";
				INFOPLIST_KEY_CFBundleDisplayName = "Project1 WatchKit Extension";
				INFOPLIST_KEY_CLKComplicationPrincipalClass = "$(PRODUCT_MODULE_NAME).ComplicationController";
				INFOPLIST_KEY_NSHumanReadableCopyright = "";
				INFOPLIST_KEY_WKWatchOnly = YES;
				LD_RUNPATH_SEARCH_PATHS = (
					"$(inherited)",
					"@executable_path/Frameworks",
					"@executable_path/../../Frameworks",
				);
				MARKETING_VERSION = 1.0;
				PRODUCT_BUNDLE_IDENTIFIER = clintonsbm.Project1.watchkitapp.watchkitextension;
				PRODUCT_NAME = "${TARGET_NAME}";
				SDKROOT = watchos;
				SKIP_INSTALL = YES;
				SWIFT_EMIT_LOC_STRINGS = YES;
				SWIFT_VERSION = 5.0;
				TARGETED_DEVICE_FAMILY = 4;
				WATCHOS_DEPLOYMENT_TARGET = 8.5;
			};
			name = Debug;
		};
		B4E4FC8A2854309500361E9E /* Release */ = {
			isa = XCBuildConfiguration;
			buildSettings = {
				ASSETCATALOG_COMPILER_COMPLICATION_NAME = Complication;
				CODE_SIGN_STYLE = Automatic;
				CURRENT_PROJECT_VERSION = 1;
				DEVELOPMENT_ASSET_PATHS = "\"Project1 WatchKit Extension/Preview Content\"";
				DEVELOPMENT_TEAM = LDT5GDB2EQ;
				ENABLE_PREVIEWS = YES;
				GENERATE_INFOPLIST_FILE = YES;
				INFOPLIST_FILE = "Project1 WatchKit Extension/Info.plist";
				INFOPLIST_KEY_CFBundleDisplayName = "Project1 WatchKit Extension";
				INFOPLIST_KEY_CLKComplicationPrincipalClass = "$(PRODUCT_MODULE_NAME).ComplicationController";
				INFOPLIST_KEY_NSHumanReadableCopyright = "";
				INFOPLIST_KEY_WKWatchOnly = YES;
				LD_RUNPATH_SEARCH_PATHS = (
					"$(inherited)",
					"@executable_path/Frameworks",
					"@executable_path/../../Frameworks",
				);
				MARKETING_VERSION = 1.0;
				PRODUCT_BUNDLE_IDENTIFIER = clintonsbm.Project1.watchkitapp.watchkitextension;
				PRODUCT_NAME = "${TARGET_NAME}";
				SDKROOT = watchos;
				SKIP_INSTALL = YES;
				SWIFT_EMIT_LOC_STRINGS = YES;
				SWIFT_VERSION = 5.0;
				TARGETED_DEVICE_FAMILY = 4;
				WATCHOS_DEPLOYMENT_TARGET = 8.5;
			};
			name = Release;
		};
		B4E4FC8D2854309500361E9E /* Debug */ = {
			isa = XCBuildConfiguration;
			buildSettings = {
				ALWAYS_EMBED_SWIFT_STANDARD_LIBRARIES = YES;
				ASSETCATALOG_COMPILER_APPICON_NAME = AppIcon;
				ASSETCATALOG_COMPILER_GLOBAL_ACCENT_COLOR_NAME = AccentColor;
				CODE_SIGN_STYLE = Automatic;
				CURRENT_PROJECT_VERSION = 1;
				DEVELOPMENT_TEAM = LDT5GDB2EQ;
				GENERATE_INFOPLIST_FILE = YES;
				IBSC_MODULE = Project1_WatchKit_Extension;
				INFOPLIST_KEY_CFBundleDisplayName = "Project1 WatchKit App";
				INFOPLIST_KEY_UISupportedInterfaceOrientations = "UIInterfaceOrientationPortrait UIInterfaceOrientationPortraitUpsideDown";
				MARKETING_VERSION = 1.0;
				PRODUCT_BUNDLE_IDENTIFIER = clintonsbm.Project1.watchkitapp;
				PRODUCT_NAME = "$(TARGET_NAME)";
				SDKROOT = watchos;
				SKIP_INSTALL = YES;
				SWIFT_EMIT_LOC_STRINGS = YES;
				SWIFT_VERSION = 5.0;
				TARGETED_DEVICE_FAMILY = 4;
				WATCHOS_DEPLOYMENT_TARGET = 8.5;
			};
			name = Debug;
		};
		B4E4FC8E2854309500361E9E /* Release */ = {
			isa = XCBuildConfiguration;
			buildSettings = {
				ALWAYS_EMBED_SWIFT_STANDARD_LIBRARIES = YES;
				ASSETCATALOG_COMPILER_APPICON_NAME = AppIcon;
				ASSETCATALOG_COMPILER_GLOBAL_ACCENT_COLOR_NAME = AccentColor;
				CODE_SIGN_STYLE = Automatic;
				CURRENT_PROJECT_VERSION = 1;
				DEVELOPMENT_TEAM = LDT5GDB2EQ;
				GENERATE_INFOPLIST_FILE = YES;
				IBSC_MODULE = Project1_WatchKit_Extension;
				INFOPLIST_KEY_CFBundleDisplayName = "Project1 WatchKit App";
				INFOPLIST_KEY_UISupportedInterfaceOrientations = "UIInterfaceOrientationPortrait UIInterfaceOrientationPortraitUpsideDown";
				MARKETING_VERSION = 1.0;
				PRODUCT_BUNDLE_IDENTIFIER = clintonsbm.Project1.watchkitapp;
				PRODUCT_NAME = "$(TARGET_NAME)";
				SDKROOT = watchos;
				SKIP_INSTALL = YES;
				SWIFT_EMIT_LOC_STRINGS = YES;
				SWIFT_VERSION = 5.0;
				TARGETED_DEVICE_FAMILY = 4;
				WATCHOS_DEPLOYMENT_TARGET = 8.5;
			};
			name = Release;
		};
		B4E4FC912854309500361E9E /* Debug */ = {
			isa = XCBuildConfiguration;
			buildSettings = {
				CODE_SIGN_STYLE = Automatic;
				CURRENT_PROJECT_VERSION = 1;
				DEVELOPMENT_TEAM = LDT5GDB2EQ;
				MARKETING_VERSION = 1.0;
				PRODUCT_BUNDLE_IDENTIFIER = clintonsbm.Project1;
				PRODUCT_NAME = "$(TARGET_NAME)";
				SWIFT_VERSION = 5.0;
			};
			name = Debug;
		};
		B4E4FC922854309500361E9E /* Release */ = {
			isa = XCBuildConfiguration;
			buildSettings = {
				CODE_SIGN_STYLE = Automatic;
				CURRENT_PROJECT_VERSION = 1;
				DEVELOPMENT_TEAM = LDT5GDB2EQ;
				MARKETING_VERSION = 1.0;
				PRODUCT_BUNDLE_IDENTIFIER = clintonsbm.Project1;
				PRODUCT_NAME = "$(TARGET_NAME)";
				SWIFT_VERSION = 5.0;
			};
			name = Release;
		};
/* End XCBuildConfiguration section */

/* Begin XCConfigurationList section */
		B4E4FC632854309000361E9E /* Build configuration list for PBXProject "Project1" */ = {
			isa = XCConfigurationList;
			buildConfigurations = (
				B4E4FC862854309500361E9E /* Debug */,
				B4E4FC872854309500361E9E /* Release */,
			);
			defaultConfigurationIsVisible = 0;
			defaultConfigurationName = Release;
		};
		B4E4FC882854309500361E9E /* Build configuration list for PBXNativeTarget "Project1 WatchKit Extension" */ = {
			isa = XCConfigurationList;
			buildConfigurations = (
				B4E4FC892854309500361E9E /* Debug */,
				B4E4FC8A2854309500361E9E /* Release */,
			);
			defaultConfigurationIsVisible = 0;
			defaultConfigurationName = Release;
		};
		B4E4FC8C2854309500361E9E /* Build configuration list for PBXNativeTarget "Project1 WatchKit App" */ = {
			isa = XCConfigurationList;
			buildConfigurations = (
				B4E4FC8D2854309500361E9E /* Debug */,
				B4E4FC8E2854309500361E9E /* Release */,
			);
			defaultConfigurationIsVisible = 0;
			defaultConfigurationName = Release;
		};
		B4E4FC902854309500361E9E /* Build configuration list for PBXNativeTarget "Project1" */ = {
			isa = XCConfigurationList;
			buildConfigurations = (
				B4E4FC912854309500361E9E /* Debug */,
				B4E4FC922854309500361E9E /* Release */,
			);
			defaultConfigurationIsVisible = 0;
			defaultConfigurationName = Release;
		};
/* End XCConfigurationList section */
	};
	rootObject = B4E4FC602854309000361E9E /* Project object */;
}
